// !$*UTF8*$!
{
	archiveVersion = 1;
	classes = {
	};
	objectVersion = 50;
	objects = {

/* Begin PBXBuildFile section */
		3A2175FF20E231160063B0B1 /* SharkORM.h in Headers */ = {isa = PBXBuildFile; fileRef = 3A71E5D620DCF87C00554A4F /* SharkORM.h */; settings = {ATTRIBUTES = (Public, ); }; };
		3A21760420E233670063B0B1 /* libSharkORM.a in Frameworks */ = {isa = PBXBuildFile; fileRef = 3A71E50020DCF65800554A4F /* libSharkORM.a */; settings = {ATTRIBUTES = (Required, ); }; };
		3A21762620E248870063B0B1 /* Info.plist in Resources */ = {isa = PBXBuildFile; fileRef = 3A21762520E248870063B0B1 /* Info.plist */; };
		3A21769720E3DE8C0063B0B1 /* SharkORMTests.swift in Sources */ = {isa = PBXBuildFile; fileRef = 3A21769620E3DE8C0063B0B1 /* SharkORMTests.swift */; };
		3A2176A020E3EF6B0063B0B1 /* DataObjects.swift in Sources */ = {isa = PBXBuildFile; fileRef = 3A21769F20E3EF6B0063B0B1 /* DataObjects.swift */; };
		3A2714EE20E86342008DE398 /* SharkORM.framework in Frameworks */ = {isa = PBXBuildFile; fileRef = 3A2175F520E230A20063B0B1 /* SharkORM.framework */; };
		3A71E62620DCF87D00554A4F /* SharkORM.m in Sources */ = {isa = PBXBuildFile; fileRef = 3A71E5B820DCF87C00554A4F /* SharkORM.m */; };
		3A71E62720DCF87D00554A4F /* SRKLazyLoader.m in Sources */ = {isa = PBXBuildFile; fileRef = 3A71E5B920DCF87C00554A4F /* SRKLazyLoader.m */; };
		3A71E62820DCF87D00554A4F /* SharkSchemaManager.swift in Sources */ = {isa = PBXBuildFile; fileRef = 3A71E5BA20DCF87C00554A4F /* SharkSchemaManager.swift */; };
		3A71E62920DCF87D00554A4F /* SRKUtilities.m in Sources */ = {isa = PBXBuildFile; fileRef = 3A71E5BB20DCF87C00554A4F /* SRKUtilities.m */; };
		3A71E62A20DCF87D00554A4F /* SRKRelationship.m in Sources */ = {isa = PBXBuildFile; fileRef = 3A71E5BC20DCF87C00554A4F /* SRKRelationship.m */; };
		3A71E62B20DCF87D00554A4F /* SRKJoinObject.m in Sources */ = {isa = PBXBuildFile; fileRef = 3A71E5BE20DCF87C00554A4F /* SRKJoinObject.m */; };
		3A71E62C20DCF87D00554A4F /* SRKQueryProfile.m in Sources */ = {isa = PBXBuildFile; fileRef = 3A71E5BF20DCF87C00554A4F /* SRKQueryProfile.m */; };
		3A71E62E20DCF87D00554A4F /* SRKQueryAsyncHandler.m in Sources */ = {isa = PBXBuildFile; fileRef = 3A71E5C220DCF87C00554A4F /* SRKQueryAsyncHandler.m */; };
		3A71E62F20DCF87D00554A4F /* SRKQuery.m in Sources */ = {isa = PBXBuildFile; fileRef = 3A71E5C320DCF87C00554A4F /* SRKQuery.m */; };
		3A71E63020DCF87D00554A4F /* SRKGlobals.m in Sources */ = {isa = PBXBuildFile; fileRef = 3A71E5C820DCF87C00554A4F /* SRKGlobals.m */; };
		3A71E63120DCF87D00554A4F /* SRKError.m in Sources */ = {isa = PBXBuildFile; fileRef = 3A71E5C920DCF87C00554A4F /* SRKError.m */; };
		3A71E63320DCF87D00554A4F /* SRKSettings.m in Sources */ = {isa = PBXBuildFile; fileRef = 3A71E5CD20DCF87C00554A4F /* SRKSettings.m */; };
		3A71E63420DCF87D00554A4F /* SRKContext.m in Sources */ = {isa = PBXBuildFile; fileRef = 3A71E5D020DCF87C00554A4F /* SRKContext.m */; };
		3A71E63520DCF87D00554A4F /* SRKTransactionInfo.m in Sources */ = {isa = PBXBuildFile; fileRef = 3A71E5D120DCF87C00554A4F /* SRKTransactionInfo.m */; };
		3A71E63620DCF87D00554A4F /* SRKTransaction.m in Sources */ = {isa = PBXBuildFile; fileRef = 3A71E5D320DCF87C00554A4F /* SRKTransaction.m */; };
		3A71E63720DCF87D00554A4F /* SRKEncryptedObject.m in Sources */ = {isa = PBXBuildFile; fileRef = 3A71E5DB20DCF87C00554A4F /* SRKEncryptedObject.m */; };
		3A71E63820DCF87D00554A4F /* SRKEntityChain.m in Sources */ = {isa = PBXBuildFile; fileRef = 3A71E5DC20DCF87C00554A4F /* SRKEntityChain.m */; };
		3A71E63920DCF87D00554A4F /* SRKRawResults.m in Sources */ = {isa = PBXBuildFile; fileRef = 3A71E5DD20DCF87C00554A4F /* SRKRawResults.m */; };
		3A71E63A20DCF87D00554A4F /* SRKCommitOptions.m in Sources */ = {isa = PBXBuildFile; fileRef = 3A71E5DF20DCF87C00554A4F /* SRKCommitOptions.m */; };
		3A71E63B20DCF87D00554A4F /* SRKResultSet.m in Sources */ = {isa = PBXBuildFile; fileRef = 3A71E5E020DCF87C00554A4F /* SRKResultSet.m */; };
		3A71E63C20DCF87D00554A4F /* SRKStringObject.m in Sources */ = {isa = PBXBuildFile; fileRef = 3A71E5E120DCF87C00554A4F /* SRKStringObject.m */; };
		3A71E63D20DCF87D00554A4F /* SRKAES256Extension.m in Sources */ = {isa = PBXBuildFile; fileRef = 3A71E5E420DCF87C00554A4F /* SRKAES256Extension.m */; };
		3A71E63E20DCF87D00554A4F /* SRKUnsupportedObject.m in Sources */ = {isa = PBXBuildFile; fileRef = 3A71E5E820DCF87C00554A4F /* SRKUnsupportedObject.m */; };
		3A71E63F20DCF87D00554A4F /* SRKEntity.m in Sources */ = {isa = PBXBuildFile; fileRef = 3A71E5E920DCF87C00554A4F /* SRKEntity.m */; };
		3A71E64020DCF87D00554A4F /* SRKObject.m in Sources */ = {isa = PBXBuildFile; fileRef = 3A71E5EA20DCF87C00554A4F /* SRKObject.m */; };
		3A71E64120DCF87D00554A4F /* SRKRegistryEntry.m in Sources */ = {isa = PBXBuildFile; fileRef = 3A71E5EF20DCF87C00554A4F /* SRKRegistryEntry.m */; };
		3A71E64220DCF87D00554A4F /* SRKRegistry.m in Sources */ = {isa = PBXBuildFile; fileRef = 3A71E5F020DCF87C00554A4F /* SRKRegistry.m */; };
		3A71E64320DCF87D00554A4F /* SRKCompoundIndex.m in Sources */ = {isa = PBXBuildFile; fileRef = 3A71E5F420DCF87C00554A4F /* SRKCompoundIndex.m */; };
		3A71E64420DCF87D00554A4F /* SRKIndexProperty.m in Sources */ = {isa = PBXBuildFile; fileRef = 3A71E5F620DCF87C00554A4F /* SRKIndexProperty.m */; };
		3A71E64520DCF87D00554A4F /* SRKIndexDefinition.m in Sources */ = {isa = PBXBuildFile; fileRef = 3A71E5F720DCF87D00554A4F /* SRKIndexDefinition.m */; };
		3A71E64720DCF87D00554A4F /* SRKEventHandler.m in Sources */ = {isa = PBXBuildFile; fileRef = 3A71E5FC20DCF87D00554A4F /* SRKEventHandler.m */; };
		3A71E64820DCF87D00554A4F /* SRKEventRegistryObject.m in Sources */ = {isa = PBXBuildFile; fileRef = 3A71E5FD20DCF87D00554A4F /* SRKEventRegistryObject.m */; };
		3A71E64920DCF87D00554A4F /* SRKEvent.m in Sources */ = {isa = PBXBuildFile; fileRef = 3A71E60120DCF87D00554A4F /* SRKEvent.m */; };
		3A71E64A20DCF87D00554A4F /* SRKEventBlockHolder.m in Sources */ = {isa = PBXBuildFile; fileRef = 3A71E60220DCF87D00554A4F /* SRKEventBlockHolder.m */; };
		3A71E64B20DCF87D00554A4F /* SRKSQLiteHandle.m in Sources */ = {isa = PBXBuildFile; fileRef = 3A71E60420DCF87D00554A4F /* SRKSQLiteHandle.m */; };
		3A71E64C20DCF87D00554A4F /* sqlite3.c in Sources */ = {isa = PBXBuildFile; fileRef = 3A71E60620DCF87D00554A4F /* sqlite3.c */; };
		3A71E64D20DCF87D00554A4F /* SRKSyncObject.m in Sources */ = {isa = PBXBuildFile; fileRef = 3A71E60D20DCF87D00554A4F /* SRKSyncObject.m */; };
		3A71E64E20DCF87D00554A4F /* SyncComms.swift in Sources */ = {isa = PBXBuildFile; fileRef = 3A71E60E20DCF87D00554A4F /* SyncComms.swift */; };
		3A71E64F20DCF87D00554A4F /* SRKDeferredChange.m in Sources */ = {isa = PBXBuildFile; fileRef = 3A71E60F20DCF87D00554A4F /* SRKDeferredChange.m */; };
		3A71E65120DCF87D00554A4F /* SRKSyncOptions.m in Sources */ = {isa = PBXBuildFile; fileRef = 3A71E61220DCF87D00554A4F /* SRKSyncOptions.m */; };
		3A71E65220DCF87D00554A4F /* SyncNetwork.swift in Sources */ = {isa = PBXBuildFile; fileRef = 3A71E61420DCF87D00554A4F /* SyncNetwork.swift */; };
		3A71E65320DCF87D00554A4F /* SRKSyncNodesList.m in Sources */ = {isa = PBXBuildFile; fileRef = 3A71E61520DCF87D00554A4F /* SRKSyncNodesList.m */; };
		3A71E65420DCF87D00554A4F /* Mutex.swift in Sources */ = {isa = PBXBuildFile; fileRef = 3A71E61620DCF87D00554A4F /* Mutex.swift */; };
		3A71E65520DCF87D00554A4F /* SyncRequest.swift in Sources */ = {isa = PBXBuildFile; fileRef = 3A71E61720DCF87D00554A4F /* SyncRequest.swift */; };
		3A71E65620DCF87D00554A4F /* SyncInterface.swift in Sources */ = {isa = PBXBuildFile; fileRef = 3A71E61920DCF87D00554A4F /* SyncInterface.swift */; };
		3A71E65820DCF87D00554A4F /* SRKSyncRegisteredClass.m in Sources */ = {isa = PBXBuildFile; fileRef = 3A71E61B20DCF87D00554A4F /* SRKSyncRegisteredClass.m */; };
		3A71E65920DCF87D00554A4F /* SharkSync.m in Sources */ = {isa = PBXBuildFile; fileRef = 3A71E61C20DCF87D00554A4F /* SharkSync.m */; };
		3A71E65A20DCF87D00554A4F /* SharkSyncChange.swift in Sources */ = {isa = PBXBuildFile; fileRef = 3A71E61E20DCF87D00554A4F /* SharkSyncChange.swift */; };
		3A71E65B20DCF87D00554A4F /* SRKDefunctObject.m in Sources */ = {isa = PBXBuildFile; fileRef = 3A71E62120DCF87D00554A4F /* SRKDefunctObject.m */; };
		3A71E65C20DCF87D00554A4F /* SharkSyncGroup.swift in Sources */ = {isa = PBXBuildFile; fileRef = 3A71E62220DCF87D00554A4F /* SharkSyncGroup.swift */; };
		3AB935A220F2435B00048FCD /* Foundation.framework in Frameworks */ = {isa = PBXBuildFile; fileRef = 3AB935A120F2435B00048FCD /* Foundation.framework */; };
/* End PBXBuildFile section */

/* Begin PBXContainerItemProxy section */
		3A21760020E2318D0063B0B1 /* PBXContainerItemProxy */ = {
			isa = PBXContainerItemProxy;
			containerPortal = 3A71E4F820DCF65800554A4F /* Project object */;
			proxyType = 1;
			remoteGlobalIDString = 3A71E4FF20DCF65800554A4F;
			remoteInfo = SharkORM;
		};
		3A2714EC20E8632D008DE398 /* PBXContainerItemProxy */ = {
			isa = PBXContainerItemProxy;
			containerPortal = 3A71E4F820DCF65800554A4F /* Project object */;
			proxyType = 1;
			remoteGlobalIDString = 3A2175F420E230A20063B0B1;
			remoteInfo = SharkORM;
		};
/* End PBXContainerItemProxy section */

/* Begin PBXCopyFilesBuildPhase section */
		3A71E4FE20DCF65800554A4F /* CopyFiles */ = {
			isa = PBXCopyFilesBuildPhase;
			buildActionMask = 2147483647;
			dstPath = "include/$(PRODUCT_NAME)";
			dstSubfolderSpec = 16;
			files = (
			);
			runOnlyForDeploymentPostprocessing = 0;
		};
/* End PBXCopyFilesBuildPhase section */

/* Begin PBXFileReference section */
		3A2175A920E180890063B0B1 /* SharkORM.modulemap */ = {isa = PBXFileReference; lastKnownFileType = "sourcecode.module-map"; path = SharkORM.modulemap; sourceTree = "<group>"; };
		3A2175F520E230A20063B0B1 /* SharkORM.framework */ = {isa = PBXFileReference; explicitFileType = wrapper.framework; includeInIndex = 0; path = SharkORM.framework; sourceTree = BUILT_PRODUCTS_DIR; };
		3A21762520E248870063B0B1 /* Info.plist */ = {isa = PBXFileReference; fileEncoding = 4; lastKnownFileType = text.plist.xml; path = Info.plist; sourceTree = "<group>"; };
		3A21762720E399280063B0B1 /* CHANGELOG.md */ = {isa = PBXFileReference; lastKnownFileType = net.daringfireball.markdown; path = CHANGELOG.md; sourceTree = SOURCE_ROOT; };
		3A21762820E399350063B0B1 /* README.md */ = {isa = PBXFileReference; lastKnownFileType = net.daringfireball.markdown; path = README.md; sourceTree = SOURCE_ROOT; };
		3A21769420E3DE8C0063B0B1 /* SharkORMTests.xctest */ = {isa = PBXFileReference; explicitFileType = wrapper.cfbundle; includeInIndex = 0; path = SharkORMTests.xctest; sourceTree = BUILT_PRODUCTS_DIR; };
		3A21769620E3DE8C0063B0B1 /* SharkORMTests.swift */ = {isa = PBXFileReference; lastKnownFileType = sourcecode.swift; path = SharkORMTests.swift; sourceTree = "<group>"; };
		3A21769820E3DE8C0063B0B1 /* Info.plist */ = {isa = PBXFileReference; lastKnownFileType = text.plist.xml; path = Info.plist; sourceTree = "<group>"; };
		3A21769F20E3EF6B0063B0B1 /* DataObjects.swift */ = {isa = PBXFileReference; lastKnownFileType = sourcecode.swift; path = DataObjects.swift; sourceTree = "<group>"; };
		3A71E50020DCF65800554A4F /* libSharkORM.a */ = {isa = PBXFileReference; explicitFileType = archive.ar; includeInIndex = 0; path = libSharkORM.a; sourceTree = BUILT_PRODUCTS_DIR; };
		3A71E5B620DCF87C00554A4F /* BridgingHeader.h */ = {isa = PBXFileReference; fileEncoding = 4; lastKnownFileType = sourcecode.c.h; path = BridgingHeader.h; sourceTree = "<group>"; };
		3A71E5B820DCF87C00554A4F /* SharkORM.m */ = {isa = PBXFileReference; fileEncoding = 4; lastKnownFileType = sourcecode.c.objc; path = SharkORM.m; sourceTree = "<group>"; };
		3A71E5B920DCF87C00554A4F /* SRKLazyLoader.m */ = {isa = PBXFileReference; fileEncoding = 4; lastKnownFileType = sourcecode.c.objc; path = SRKLazyLoader.m; sourceTree = "<group>"; };
		3A71E5BA20DCF87C00554A4F /* SharkSchemaManager.swift */ = {isa = PBXFileReference; fileEncoding = 4; lastKnownFileType = sourcecode.swift; path = SharkSchemaManager.swift; sourceTree = "<group>"; };
		3A71E5BB20DCF87C00554A4F /* SRKUtilities.m */ = {isa = PBXFileReference; fileEncoding = 4; lastKnownFileType = sourcecode.c.objc; path = SRKUtilities.m; sourceTree = "<group>"; };
		3A71E5BC20DCF87C00554A4F /* SRKRelationship.m */ = {isa = PBXFileReference; fileEncoding = 4; lastKnownFileType = sourcecode.c.objc; path = SRKRelationship.m; sourceTree = "<group>"; };
		3A71E5BE20DCF87C00554A4F /* SRKJoinObject.m */ = {isa = PBXFileReference; fileEncoding = 4; lastKnownFileType = sourcecode.c.objc; path = SRKJoinObject.m; sourceTree = "<group>"; };
		3A71E5BF20DCF87C00554A4F /* SRKQueryProfile.m */ = {isa = PBXFileReference; fileEncoding = 4; lastKnownFileType = sourcecode.c.objc; path = SRKQueryProfile.m; sourceTree = "<group>"; };
		3A71E5C120DCF87C00554A4F /* SRKJoinObject.h */ = {isa = PBXFileReference; fileEncoding = 4; lastKnownFileType = sourcecode.c.h; path = SRKJoinObject.h; sourceTree = "<group>"; };
		3A71E5C220DCF87C00554A4F /* SRKQueryAsyncHandler.m */ = {isa = PBXFileReference; fileEncoding = 4; lastKnownFileType = sourcecode.c.objc; path = SRKQueryAsyncHandler.m; sourceTree = "<group>"; };
		3A71E5C320DCF87C00554A4F /* SRKQuery.m */ = {isa = PBXFileReference; fileEncoding = 4; lastKnownFileType = sourcecode.c.objc; path = SRKQuery.m; sourceTree = "<group>"; };
		3A71E5C420DCF87C00554A4F /* SRKQuery+Private.h */ = {isa = PBXFileReference; fileEncoding = 4; lastKnownFileType = sourcecode.c.h; path = "SRKQuery+Private.h"; sourceTree = "<group>"; };
		3A71E5C520DCF87C00554A4F /* SRKQueryAsyncHandler+Private.h */ = {isa = PBXFileReference; fileEncoding = 4; lastKnownFileType = sourcecode.c.h; path = "SRKQueryAsyncHandler+Private.h"; sourceTree = "<group>"; };
		3A71E5C620DCF87C00554A4F /* SRKSQLiteHandle.h */ = {isa = PBXFileReference; fileEncoding = 4; lastKnownFileType = sourcecode.c.h; path = SRKSQLiteHandle.h; sourceTree = "<group>"; };
		3A71E5C720DCF87C00554A4F /* SRKDefinitions.h */ = {isa = PBXFileReference; fileEncoding = 4; lastKnownFileType = sourcecode.c.h; path = SRKDefinitions.h; sourceTree = "<group>"; };
		3A71E5C820DCF87C00554A4F /* SRKGlobals.m */ = {isa = PBXFileReference; fileEncoding = 4; lastKnownFileType = sourcecode.c.objc; path = SRKGlobals.m; sourceTree = "<group>"; };
		3A71E5C920DCF87C00554A4F /* SRKError.m */ = {isa = PBXFileReference; fileEncoding = 4; lastKnownFileType = sourcecode.c.objc; path = SRKError.m; sourceTree = "<group>"; };
		3A71E5CD20DCF87C00554A4F /* SRKSettings.m */ = {isa = PBXFileReference; fileEncoding = 4; lastKnownFileType = sourcecode.c.objc; path = SRKSettings.m; sourceTree = "<group>"; };
		3A71E5CF20DCF87C00554A4F /* SRKTransaction+Private.h */ = {isa = PBXFileReference; fileEncoding = 4; lastKnownFileType = sourcecode.c.h; path = "SRKTransaction+Private.h"; sourceTree = "<group>"; };
		3A71E5D020DCF87C00554A4F /* SRKContext.m */ = {isa = PBXFileReference; fileEncoding = 4; lastKnownFileType = sourcecode.c.objc; path = SRKContext.m; sourceTree = "<group>"; };
		3A71E5D120DCF87C00554A4F /* SRKTransactionInfo.m */ = {isa = PBXFileReference; fileEncoding = 4; lastKnownFileType = sourcecode.c.objc; path = SRKTransactionInfo.m; sourceTree = "<group>"; };
		3A71E5D220DCF87C00554A4F /* SRKContext.h */ = {isa = PBXFileReference; fileEncoding = 4; lastKnownFileType = sourcecode.c.h; path = SRKContext.h; sourceTree = "<group>"; };
		3A71E5D320DCF87C00554A4F /* SRKTransaction.m */ = {isa = PBXFileReference; fileEncoding = 4; lastKnownFileType = sourcecode.c.objc; path = SRKTransaction.m; sourceTree = "<group>"; };
		3A71E5D420DCF87C00554A4F /* SRKTransactionInfo.h */ = {isa = PBXFileReference; fileEncoding = 4; lastKnownFileType = sourcecode.c.h; path = SRKTransactionInfo.h; sourceTree = "<group>"; };
		3A71E5D520DCF87C00554A4F /* SRKLazyLoader.h */ = {isa = PBXFileReference; fileEncoding = 4; lastKnownFileType = sourcecode.c.h; path = SRKLazyLoader.h; sourceTree = "<group>"; };
		3A71E5D620DCF87C00554A4F /* SharkORM.h */ = {isa = PBXFileReference; fileEncoding = 4; lastKnownFileType = sourcecode.c.h; path = SharkORM.h; sourceTree = "<group>"; };
		3A71E5D820DCF87C00554A4F /* SRKUtilities.h */ = {isa = PBXFileReference; fileEncoding = 4; lastKnownFileType = sourcecode.c.h; path = SRKUtilities.h; sourceTree = "<group>"; };
		3A71E5D920DCF87C00554A4F /* SharkORM+Private.h */ = {isa = PBXFileReference; fileEncoding = 4; lastKnownFileType = sourcecode.c.h; path = "SharkORM+Private.h"; sourceTree = "<group>"; };
		3A71E5DB20DCF87C00554A4F /* SRKEncryptedObject.m */ = {isa = PBXFileReference; fileEncoding = 4; lastKnownFileType = sourcecode.c.objc; path = SRKEncryptedObject.m; sourceTree = "<group>"; };
		3A71E5DC20DCF87C00554A4F /* SRKEntityChain.m */ = {isa = PBXFileReference; fileEncoding = 4; lastKnownFileType = sourcecode.c.objc; path = SRKEntityChain.m; sourceTree = "<group>"; };
		3A71E5DD20DCF87C00554A4F /* SRKRawResults.m */ = {isa = PBXFileReference; fileEncoding = 4; lastKnownFileType = sourcecode.c.objc; path = SRKRawResults.m; sourceTree = "<group>"; };
		3A71E5DE20DCF87C00554A4F /* SRKCommitOptions+Private.h */ = {isa = PBXFileReference; fileEncoding = 4; lastKnownFileType = sourcecode.c.h; path = "SRKCommitOptions+Private.h"; sourceTree = "<group>"; };
		3A71E5DF20DCF87C00554A4F /* SRKCommitOptions.m */ = {isa = PBXFileReference; fileEncoding = 4; lastKnownFileType = sourcecode.c.objc; path = SRKCommitOptions.m; sourceTree = "<group>"; };
		3A71E5E020DCF87C00554A4F /* SRKResultSet.m */ = {isa = PBXFileReference; fileEncoding = 4; lastKnownFileType = sourcecode.c.objc; path = SRKResultSet.m; sourceTree = "<group>"; };
		3A71E5E120DCF87C00554A4F /* SRKStringObject.m */ = {isa = PBXFileReference; fileEncoding = 4; lastKnownFileType = sourcecode.c.objc; path = SRKStringObject.m; sourceTree = "<group>"; };
		3A71E5E220DCF87C00554A4F /* SRKResultSet+Private.h */ = {isa = PBXFileReference; fileEncoding = 4; lastKnownFileType = sourcecode.c.h; path = "SRKResultSet+Private.h"; sourceTree = "<group>"; };
		3A71E5E320DCF87C00554A4F /* SRKUnsupportedObject.h */ = {isa = PBXFileReference; fileEncoding = 4; lastKnownFileType = sourcecode.c.h; path = SRKUnsupportedObject.h; sourceTree = "<group>"; };
		3A71E5E420DCF87C00554A4F /* SRKAES256Extension.m */ = {isa = PBXFileReference; fileEncoding = 4; lastKnownFileType = sourcecode.c.objc; path = SRKAES256Extension.m; sourceTree = "<group>"; };
		3A71E5E520DCF87C00554A4F /* SRKEntity+Private.h */ = {isa = PBXFileReference; fileEncoding = 4; lastKnownFileType = sourcecode.c.h; path = "SRKEntity+Private.h"; sourceTree = "<group>"; };
		3A71E5E620DCF87C00554A4F /* SRKEntityChain.h */ = {isa = PBXFileReference; fileEncoding = 4; lastKnownFileType = sourcecode.c.h; path = SRKEntityChain.h; sourceTree = "<group>"; };
		3A71E5E720DCF87C00554A4F /* SRKEncryptedObject.h */ = {isa = PBXFileReference; fileEncoding = 4; lastKnownFileType = sourcecode.c.h; path = SRKEncryptedObject.h; sourceTree = "<group>"; };
		3A71E5E820DCF87C00554A4F /* SRKUnsupportedObject.m */ = {isa = PBXFileReference; fileEncoding = 4; lastKnownFileType = sourcecode.c.objc; path = SRKUnsupportedObject.m; sourceTree = "<group>"; };
		3A71E5E920DCF87C00554A4F /* SRKEntity.m */ = {isa = PBXFileReference; fileEncoding = 4; lastKnownFileType = sourcecode.c.objc; path = SRKEntity.m; sourceTree = "<group>"; };
		3A71E5EA20DCF87C00554A4F /* SRKObject.m */ = {isa = PBXFileReference; fileEncoding = 4; lastKnownFileType = sourcecode.c.objc; path = SRKObject.m; sourceTree = "<group>"; };
		3A71E5EB20DCF87C00554A4F /* SRKAES256Extension.h */ = {isa = PBXFileReference; fileEncoding = 4; lastKnownFileType = sourcecode.c.h; path = SRKAES256Extension.h; sourceTree = "<group>"; };
		3A71E5ED20DCF87C00554A4F /* SRKRegistry.h */ = {isa = PBXFileReference; fileEncoding = 4; lastKnownFileType = sourcecode.c.h; path = SRKRegistry.h; sourceTree = "<group>"; };
		3A71E5EE20DCF87C00554A4F /* SRKRegistryEntry.h */ = {isa = PBXFileReference; fileEncoding = 4; lastKnownFileType = sourcecode.c.h; path = SRKRegistryEntry.h; sourceTree = "<group>"; };
		3A71E5EF20DCF87C00554A4F /* SRKRegistryEntry.m */ = {isa = PBXFileReference; fileEncoding = 4; lastKnownFileType = sourcecode.c.objc; path = SRKRegistryEntry.m; sourceTree = "<group>"; };
		3A71E5F020DCF87C00554A4F /* SRKRegistry.m */ = {isa = PBXFileReference; fileEncoding = 4; lastKnownFileType = sourcecode.c.objc; path = SRKRegistry.m; sourceTree = "<group>"; };
		3A71E5F120DCF87C00554A4F /* SRKRelationship.h */ = {isa = PBXFileReference; fileEncoding = 4; lastKnownFileType = sourcecode.c.h; path = SRKRelationship.h; sourceTree = "<group>"; };
		3A71E5F320DCF87C00554A4F /* SRKIndexDefinition+Private.h */ = {isa = PBXFileReference; fileEncoding = 4; lastKnownFileType = sourcecode.c.h; path = "SRKIndexDefinition+Private.h"; sourceTree = "<group>"; };
		3A71E5F420DCF87C00554A4F /* SRKCompoundIndex.m */ = {isa = PBXFileReference; fileEncoding = 4; lastKnownFileType = sourcecode.c.objc; path = SRKCompoundIndex.m; sourceTree = "<group>"; };
		3A71E5F520DCF87C00554A4F /* SRKCompoundIndex+Private.h */ = {isa = PBXFileReference; fileEncoding = 4; lastKnownFileType = sourcecode.c.h; path = "SRKCompoundIndex+Private.h"; sourceTree = "<group>"; };
		3A71E5F620DCF87C00554A4F /* SRKIndexProperty.m */ = {isa = PBXFileReference; fileEncoding = 4; lastKnownFileType = sourcecode.c.objc; path = SRKIndexProperty.m; sourceTree = "<group>"; };
		3A71E5F720DCF87D00554A4F /* SRKIndexDefinition.m */ = {isa = PBXFileReference; fileEncoding = 4; lastKnownFileType = sourcecode.c.objc; path = SRKIndexDefinition.m; sourceTree = "<group>"; };
		3A71E5FC20DCF87D00554A4F /* SRKEventHandler.m */ = {isa = PBXFileReference; fileEncoding = 4; lastKnownFileType = sourcecode.c.objc; path = SRKEventHandler.m; sourceTree = "<group>"; };
		3A71E5FD20DCF87D00554A4F /* SRKEventRegistryObject.m */ = {isa = PBXFileReference; fileEncoding = 4; lastKnownFileType = sourcecode.c.objc; path = SRKEventRegistryObject.m; sourceTree = "<group>"; };
		3A71E5FE20DCF87D00554A4F /* SRKEventBlockHolder.h */ = {isa = PBXFileReference; fileEncoding = 4; lastKnownFileType = sourcecode.c.h; path = SRKEventBlockHolder.h; sourceTree = "<group>"; };
		3A71E5FF20DCF87D00554A4F /* SRKEventRegistryObject.h */ = {isa = PBXFileReference; fileEncoding = 4; lastKnownFileType = sourcecode.c.h; path = SRKEventRegistryObject.h; sourceTree = "<group>"; };
		3A71E60020DCF87D00554A4F /* SRKEventHandler+Private.h */ = {isa = PBXFileReference; fileEncoding = 4; lastKnownFileType = sourcecode.c.h; path = "SRKEventHandler+Private.h"; sourceTree = "<group>"; };
		3A71E60120DCF87D00554A4F /* SRKEvent.m */ = {isa = PBXFileReference; fileEncoding = 4; lastKnownFileType = sourcecode.c.objc; path = SRKEvent.m; sourceTree = "<group>"; };
		3A71E60220DCF87D00554A4F /* SRKEventBlockHolder.m */ = {isa = PBXFileReference; fileEncoding = 4; lastKnownFileType = sourcecode.c.objc; path = SRKEventBlockHolder.m; sourceTree = "<group>"; };
		3A71E60320DCF87D00554A4F /* SRKGlobals.h */ = {isa = PBXFileReference; fileEncoding = 4; lastKnownFileType = sourcecode.c.h; path = SRKGlobals.h; sourceTree = "<group>"; };
		3A71E60420DCF87D00554A4F /* SRKSQLiteHandle.m */ = {isa = PBXFileReference; fileEncoding = 4; lastKnownFileType = sourcecode.c.objc; path = SRKSQLiteHandle.m; sourceTree = "<group>"; };
		3A71E60620DCF87D00554A4F /* sqlite3.c */ = {isa = PBXFileReference; fileEncoding = 4; lastKnownFileType = sourcecode.c.c; path = sqlite3.c; sourceTree = "<group>"; };
		3A71E60720DCF87D00554A4F /* sqlite mods.txt */ = {isa = PBXFileReference; fileEncoding = 4; lastKnownFileType = text; path = "sqlite mods.txt"; sourceTree = "<group>"; };
		3A71E60820DCF87D00554A4F /* sqlite3.h */ = {isa = PBXFileReference; fileEncoding = 4; lastKnownFileType = sourcecode.c.h; path = sqlite3.h; sourceTree = "<group>"; };
		3A71E60920DCF87D00554A4F /* sqlite3ext.h */ = {isa = PBXFileReference; fileEncoding = 4; lastKnownFileType = sourcecode.c.h; path = sqlite3ext.h; sourceTree = "<group>"; };
		3A71E60B20DCF87D00554A4F /* SharkSync+Private.h */ = {isa = PBXFileReference; fileEncoding = 4; lastKnownFileType = sourcecode.c.h; path = "SharkSync+Private.h"; sourceTree = "<group>"; };
		3A71E60C20DCF87D00554A4F /* SRKSyncRegisteredClass.h */ = {isa = PBXFileReference; fileEncoding = 4; lastKnownFileType = sourcecode.c.h; path = SRKSyncRegisteredClass.h; sourceTree = "<group>"; };
		3A71E60D20DCF87D00554A4F /* SRKSyncObject.m */ = {isa = PBXFileReference; fileEncoding = 4; lastKnownFileType = sourcecode.c.objc; path = SRKSyncObject.m; sourceTree = "<group>"; };
		3A71E60E20DCF87D00554A4F /* SyncComms.swift */ = {isa = PBXFileReference; fileEncoding = 4; lastKnownFileType = sourcecode.swift; path = SyncComms.swift; sourceTree = "<group>"; };
		3A71E60F20DCF87D00554A4F /* SRKDeferredChange.m */ = {isa = PBXFileReference; fileEncoding = 4; lastKnownFileType = sourcecode.c.objc; path = SRKDeferredChange.m; sourceTree = "<group>"; };
		3A71E61020DCF87D00554A4F /* SRKDefunctObject.h */ = {isa = PBXFileReference; fileEncoding = 4; lastKnownFileType = sourcecode.c.h; path = SRKDefunctObject.h; sourceTree = "<group>"; };
		3A71E61220DCF87D00554A4F /* SRKSyncOptions.m */ = {isa = PBXFileReference; fileEncoding = 4; lastKnownFileType = sourcecode.c.objc; path = SRKSyncOptions.m; sourceTree = "<group>"; };
		3A71E61420DCF87D00554A4F /* SyncNetwork.swift */ = {isa = PBXFileReference; fileEncoding = 4; lastKnownFileType = sourcecode.swift; path = SyncNetwork.swift; sourceTree = "<group>"; };
		3A71E61520DCF87D00554A4F /* SRKSyncNodesList.m */ = {isa = PBXFileReference; fileEncoding = 4; lastKnownFileType = sourcecode.c.objc; path = SRKSyncNodesList.m; sourceTree = "<group>"; };
		3A71E61620DCF87D00554A4F /* Mutex.swift */ = {isa = PBXFileReference; fileEncoding = 4; lastKnownFileType = sourcecode.swift; path = Mutex.swift; sourceTree = "<group>"; };
		3A71E61720DCF87D00554A4F /* SyncRequest.swift */ = {isa = PBXFileReference; fileEncoding = 4; lastKnownFileType = sourcecode.swift; path = SyncRequest.swift; sourceTree = "<group>"; };
		3A71E61820DCF87D00554A4F /* SRKSyncNodesList.h */ = {isa = PBXFileReference; fileEncoding = 4; lastKnownFileType = sourcecode.c.h; path = SRKSyncNodesList.h; sourceTree = "<group>"; };
		3A71E61920DCF87D00554A4F /* SyncInterface.swift */ = {isa = PBXFileReference; fileEncoding = 4; lastKnownFileType = sourcecode.swift; path = SyncInterface.swift; sourceTree = "<group>"; };
		3A71E61B20DCF87D00554A4F /* SRKSyncRegisteredClass.m */ = {isa = PBXFileReference; fileEncoding = 4; lastKnownFileType = sourcecode.c.objc; path = SRKSyncRegisteredClass.m; sourceTree = "<group>"; };
		3A71E61C20DCF87D00554A4F /* SharkSync.m */ = {isa = PBXFileReference; fileEncoding = 4; lastKnownFileType = sourcecode.c.objc; path = SharkSync.m; sourceTree = "<group>"; };
		3A71E61D20DCF87D00554A4F /* SRKDeferredChange.h */ = {isa = PBXFileReference; fileEncoding = 4; lastKnownFileType = sourcecode.c.h; path = SRKDeferredChange.h; sourceTree = "<group>"; };
		3A71E61E20DCF87D00554A4F /* SharkSyncChange.swift */ = {isa = PBXFileReference; fileEncoding = 4; lastKnownFileType = sourcecode.swift; path = SharkSyncChange.swift; sourceTree = "<group>"; };
		3A71E62020DCF87D00554A4F /* SRKSyncOptions.h */ = {isa = PBXFileReference; fileEncoding = 4; lastKnownFileType = sourcecode.c.h; path = SRKSyncOptions.h; sourceTree = "<group>"; };
		3A71E62120DCF87D00554A4F /* SRKDefunctObject.m */ = {isa = PBXFileReference; fileEncoding = 4; lastKnownFileType = sourcecode.c.objc; path = SRKDefunctObject.m; sourceTree = "<group>"; };
		3A71E62220DCF87D00554A4F /* SharkSyncGroup.swift */ = {isa = PBXFileReference; fileEncoding = 4; lastKnownFileType = sourcecode.swift; path = SharkSyncGroup.swift; sourceTree = "<group>"; };
		3A71E62420DCF87D00554A4F /* SRKSyncObject+Private.h */ = {isa = PBXFileReference; fileEncoding = 4; lastKnownFileType = sourcecode.c.h; path = "SRKSyncObject+Private.h"; sourceTree = "<group>"; };
		3AB935A120F2435B00048FCD /* Foundation.framework */ = {isa = PBXFileReference; lastKnownFileType = wrapper.framework; name = Foundation.framework; path = System/Library/Frameworks/Foundation.framework; sourceTree = SDKROOT; };
/* End PBXFileReference section */

/* Begin PBXFrameworksBuildPhase section */
		3A2175F120E230A20063B0B1 /* Frameworks */ = {
			isa = PBXFrameworksBuildPhase;
			buildActionMask = 2147483647;
			files = (
				3AB935A220F2435B00048FCD /* Foundation.framework in Frameworks */,
				3A21760420E233670063B0B1 /* libSharkORM.a in Frameworks */,
			);
			runOnlyForDeploymentPostprocessing = 0;
		};
		3A21769120E3DE8C0063B0B1 /* Frameworks */ = {
			isa = PBXFrameworksBuildPhase;
			buildActionMask = 2147483647;
			files = (
				3A2714EE20E86342008DE398 /* SharkORM.framework in Frameworks */,
			);
			runOnlyForDeploymentPostprocessing = 0;
		};
		3A71E4FD20DCF65800554A4F /* Frameworks */ = {
			isa = PBXFrameworksBuildPhase;
			buildActionMask = 2147483647;
			files = (
			);
			runOnlyForDeploymentPostprocessing = 0;
		};
/* End PBXFrameworksBuildPhase section */

/* Begin PBXGroup section */
		3A2175FD20E230E30063B0B1 /* Frameworks */ = {
			isa = PBXGroup;
			children = (
				3AB935A120F2435B00048FCD /* Foundation.framework */,
			);
			name = Frameworks;
			sourceTree = "<group>";
		};
		3A21769520E3DE8C0063B0B1 /* SharkORMTests */ = {
			isa = PBXGroup;
			children = (
				3A21769620E3DE8C0063B0B1 /* SharkORMTests.swift */,
				3A21769820E3DE8C0063B0B1 /* Info.plist */,
				3A21769F20E3EF6B0063B0B1 /* DataObjects.swift */,
			);
			path = SharkORMTests;
			sourceTree = "<group>";
		};
		3A71E4F720DCF65800554A4F = {
			isa = PBXGroup;
			children = (
				3A71E5B420DCF87C00554A4F /* SharkORM */,
				3A21769520E3DE8C0063B0B1 /* SharkORMTests */,
				3A71E50120DCF65800554A4F /* Products */,
				3A2175FD20E230E30063B0B1 /* Frameworks */,
			);
			sourceTree = "<group>";
		};
		3A71E50120DCF65800554A4F /* Products */ = {
			isa = PBXGroup;
			children = (
				3A71E50020DCF65800554A4F /* libSharkORM.a */,
				3A2175F520E230A20063B0B1 /* SharkORM.framework */,
				3A21769420E3DE8C0063B0B1 /* SharkORMTests.xctest */,
			);
			name = Products;
			sourceTree = "<group>";
		};
		3A71E5B420DCF87C00554A4F /* SharkORM */ = {
			isa = PBXGroup;
			children = (
				3A21762720E399280063B0B1 /* CHANGELOG.md */,
				3A21762820E399350063B0B1 /* README.md */,
				3A71E5B520DCF87C00554A4F /* Core */,
				3A21762520E248870063B0B1 /* Info.plist */,
				3A2175A920E180890063B0B1 /* SharkORM.modulemap */,
				3A71E60520DCF87D00554A4F /* SQLite */,
				3A71E60A20DCF87D00554A4F /* Sync */,
			);
			path = SharkORM;
			sourceTree = "<group>";
		};
		3A71E5B520DCF87C00554A4F /* Core */ = {
			isa = PBXGroup;
			children = (
				3A71E5B620DCF87C00554A4F /* BridgingHeader.h */,
				3A71E5B820DCF87C00554A4F /* SharkORM.m */,
				3A71E5B920DCF87C00554A4F /* SRKLazyLoader.m */,
				3A71E5BA20DCF87C00554A4F /* SharkSchemaManager.swift */,
				3A71E5BB20DCF87C00554A4F /* SRKUtilities.m */,
				3A71E5BC20DCF87C00554A4F /* SRKRelationship.m */,
				3A71E5BD20DCF87C00554A4F /* Queries */,
				3A71E5C620DCF87C00554A4F /* SRKSQLiteHandle.h */,
				3A71E5C720DCF87C00554A4F /* SRKDefinitions.h */,
				3A71E5C820DCF87C00554A4F /* SRKGlobals.m */,
				3A71E5C920DCF87C00554A4F /* SRKError.m */,
				3A71E5CD20DCF87C00554A4F /* SRKSettings.m */,
				3A71E5CE20DCF87C00554A4F /* Transactions */,
				3A71E5D520DCF87C00554A4F /* SRKLazyLoader.h */,
				3A71E5D620DCF87C00554A4F /* SharkORM.h */,
				3A71E5D820DCF87C00554A4F /* SRKUtilities.h */,
				3A71E5D920DCF87C00554A4F /* SharkORM+Private.h */,
				3A71E5DA20DCF87C00554A4F /* PersistableObjects */,
				3A71E5EC20DCF87C00554A4F /* Registry */,
				3A71E5F120DCF87C00554A4F /* SRKRelationship.h */,
				3A71E5F220DCF87C00554A4F /* Indexing */,
				3A71E5FB20DCF87D00554A4F /* Events */,
				3A71E60320DCF87D00554A4F /* SRKGlobals.h */,
				3A71E60420DCF87D00554A4F /* SRKSQLiteHandle.m */,
			);
			path = Core;
			sourceTree = "<group>";
		};
		3A71E5BD20DCF87C00554A4F /* Queries */ = {
			isa = PBXGroup;
			children = (
				3A71E5BE20DCF87C00554A4F /* SRKJoinObject.m */,
				3A71E5BF20DCF87C00554A4F /* SRKQueryProfile.m */,
				3A71E5C120DCF87C00554A4F /* SRKJoinObject.h */,
				3A71E5C220DCF87C00554A4F /* SRKQueryAsyncHandler.m */,
				3A71E5C320DCF87C00554A4F /* SRKQuery.m */,
				3A71E5C420DCF87C00554A4F /* SRKQuery+Private.h */,
				3A71E5C520DCF87C00554A4F /* SRKQueryAsyncHandler+Private.h */,
			);
			path = Queries;
			sourceTree = "<group>";
		};
		3A71E5CE20DCF87C00554A4F /* Transactions */ = {
			isa = PBXGroup;
			children = (
				3A71E5CF20DCF87C00554A4F /* SRKTransaction+Private.h */,
				3A71E5D020DCF87C00554A4F /* SRKContext.m */,
				3A71E5D120DCF87C00554A4F /* SRKTransactionInfo.m */,
				3A71E5D220DCF87C00554A4F /* SRKContext.h */,
				3A71E5D320DCF87C00554A4F /* SRKTransaction.m */,
				3A71E5D420DCF87C00554A4F /* SRKTransactionInfo.h */,
			);
			path = Transactions;
			sourceTree = "<group>";
		};
		3A71E5DA20DCF87C00554A4F /* PersistableObjects */ = {
			isa = PBXGroup;
			children = (
				3A71E5DB20DCF87C00554A4F /* SRKEncryptedObject.m */,
				3A71E5DC20DCF87C00554A4F /* SRKEntityChain.m */,
				3A71E5DD20DCF87C00554A4F /* SRKRawResults.m */,
				3A71E5DE20DCF87C00554A4F /* SRKCommitOptions+Private.h */,
				3A71E5DF20DCF87C00554A4F /* SRKCommitOptions.m */,
				3A71E5E020DCF87C00554A4F /* SRKResultSet.m */,
				3A71E5E120DCF87C00554A4F /* SRKStringObject.m */,
				3A71E5E220DCF87C00554A4F /* SRKResultSet+Private.h */,
				3A71E5E320DCF87C00554A4F /* SRKUnsupportedObject.h */,
				3A71E5E420DCF87C00554A4F /* SRKAES256Extension.m */,
				3A71E5E520DCF87C00554A4F /* SRKEntity+Private.h */,
				3A71E5E620DCF87C00554A4F /* SRKEntityChain.h */,
				3A71E5E720DCF87C00554A4F /* SRKEncryptedObject.h */,
				3A71E5E820DCF87C00554A4F /* SRKUnsupportedObject.m */,
				3A71E5E920DCF87C00554A4F /* SRKEntity.m */,
				3A71E5EA20DCF87C00554A4F /* SRKObject.m */,
				3A71E5EB20DCF87C00554A4F /* SRKAES256Extension.h */,
			);
			path = PersistableObjects;
			sourceTree = "<group>";
		};
		3A71E5EC20DCF87C00554A4F /* Registry */ = {
			isa = PBXGroup;
			children = (
				3A71E5ED20DCF87C00554A4F /* SRKRegistry.h */,
				3A71E5EE20DCF87C00554A4F /* SRKRegistryEntry.h */,
				3A71E5EF20DCF87C00554A4F /* SRKRegistryEntry.m */,
				3A71E5F020DCF87C00554A4F /* SRKRegistry.m */,
			);
			path = Registry;
			sourceTree = "<group>";
		};
		3A71E5F220DCF87C00554A4F /* Indexing */ = {
			isa = PBXGroup;
			children = (
				3A71E5F320DCF87C00554A4F /* SRKIndexDefinition+Private.h */,
				3A71E5F420DCF87C00554A4F /* SRKCompoundIndex.m */,
				3A71E5F520DCF87C00554A4F /* SRKCompoundIndex+Private.h */,
				3A71E5F620DCF87C00554A4F /* SRKIndexProperty.m */,
				3A71E5F720DCF87D00554A4F /* SRKIndexDefinition.m */,
			);
			path = Indexing;
			sourceTree = "<group>";
		};
		3A71E5FB20DCF87D00554A4F /* Events */ = {
			isa = PBXGroup;
			children = (
				3A71E5FC20DCF87D00554A4F /* SRKEventHandler.m */,
				3A71E5FD20DCF87D00554A4F /* SRKEventRegistryObject.m */,
				3A71E5FE20DCF87D00554A4F /* SRKEventBlockHolder.h */,
				3A71E5FF20DCF87D00554A4F /* SRKEventRegistryObject.h */,
				3A71E60020DCF87D00554A4F /* SRKEventHandler+Private.h */,
				3A71E60120DCF87D00554A4F /* SRKEvent.m */,
				3A71E60220DCF87D00554A4F /* SRKEventBlockHolder.m */,
			);
			path = Events;
			sourceTree = "<group>";
		};
		3A71E60520DCF87D00554A4F /* SQLite */ = {
			isa = PBXGroup;
			children = (
				3A71E60620DCF87D00554A4F /* sqlite3.c */,
				3A71E60720DCF87D00554A4F /* sqlite mods.txt */,
				3A71E60820DCF87D00554A4F /* sqlite3.h */,
				3A71E60920DCF87D00554A4F /* sqlite3ext.h */,
			);
			path = SQLite;
			sourceTree = "<group>";
		};
		3A71E60A20DCF87D00554A4F /* Sync */ = {
			isa = PBXGroup;
			children = (
				3A71E61320DCF87D00554A4F /* Comms */,
				3A71E61C20DCF87D00554A4F /* SharkSync.m */,
				3A71E60B20DCF87D00554A4F /* SharkSync+Private.h */,
				3A71E61E20DCF87D00554A4F /* SharkSyncChange.swift */,
				3A71E62220DCF87D00554A4F /* SharkSyncGroup.swift */,
				3A71E61D20DCF87D00554A4F /* SRKDeferredChange.h */,
				3A71E60F20DCF87D00554A4F /* SRKDeferredChange.m */,
				3A71E61020DCF87D00554A4F /* SRKDefunctObject.h */,
				3A71E62120DCF87D00554A4F /* SRKDefunctObject.m */,
				3A71E60D20DCF87D00554A4F /* SRKSyncObject.m */,
				3A71E62420DCF87D00554A4F /* SRKSyncObject+Private.h */,
				3A71E62020DCF87D00554A4F /* SRKSyncOptions.h */,
				3A71E61220DCF87D00554A4F /* SRKSyncOptions.m */,
				3A71E60C20DCF87D00554A4F /* SRKSyncRegisteredClass.h */,
				3A71E61B20DCF87D00554A4F /* SRKSyncRegisteredClass.m */,
				3A71E60E20DCF87D00554A4F /* SyncComms.swift */,
			);
			path = Sync;
			sourceTree = "<group>";
		};
		3A71E61320DCF87D00554A4F /* Comms */ = {
			isa = PBXGroup;
			children = (
				3A71E61420DCF87D00554A4F /* SyncNetwork.swift */,
				3A71E61520DCF87D00554A4F /* SRKSyncNodesList.m */,
				3A71E61620DCF87D00554A4F /* Mutex.swift */,
				3A71E61720DCF87D00554A4F /* SyncRequest.swift */,
				3A71E61820DCF87D00554A4F /* SRKSyncNodesList.h */,
				3A71E61920DCF87D00554A4F /* SyncInterface.swift */,
			);
			path = Comms;
			sourceTree = "<group>";
		};
/* End PBXGroup section */

/* Begin PBXHeadersBuildPhase section */
		3A2175F220E230A20063B0B1 /* Headers */ = {
			isa = PBXHeadersBuildPhase;
			buildActionMask = 2147483647;
			files = (
				3A2175FF20E231160063B0B1 /* SharkORM.h in Headers */,
			);
			runOnlyForDeploymentPostprocessing = 0;
		};
/* End PBXHeadersBuildPhase section */

/* Begin PBXNativeTarget section */
		3A2175F420E230A20063B0B1 /* SharkORM */ = {
			isa = PBXNativeTarget;
			buildConfigurationList = 3A2175FA20E230A20063B0B1 /* Build configuration list for PBXNativeTarget "SharkORM" */;
			buildPhases = (
				3A2175F020E230A20063B0B1 /* Sources */,
				3A2175F120E230A20063B0B1 /* Frameworks */,
				3A2175F220E230A20063B0B1 /* Headers */,
				3A2175F320E230A20063B0B1 /* Resources */,
			);
			buildRules = (
			);
			dependencies = (
				3A21760120E2318D0063B0B1 /* PBXTargetDependency */,
			);
			name = SharkORM;
			productName = SharkORMFMK;
			productReference = 3A2175F520E230A20063B0B1 /* SharkORM.framework */;
			productType = "com.apple.product-type.framework";
		};
		3A21769320E3DE8C0063B0B1 /* SharkORMTests */ = {
			isa = PBXNativeTarget;
			buildConfigurationList = 3A21769C20E3DE8C0063B0B1 /* Build configuration list for PBXNativeTarget "SharkORMTests" */;
			buildPhases = (
				3A21769020E3DE8C0063B0B1 /* Sources */,
				3A21769120E3DE8C0063B0B1 /* Frameworks */,
				3A21769220E3DE8C0063B0B1 /* Resources */,
			);
			buildRules = (
			);
			dependencies = (
				3A2714ED20E8632D008DE398 /* PBXTargetDependency */,
			);
			name = SharkORMTests;
			productName = SharkORMTests;
			productReference = 3A21769420E3DE8C0063B0B1 /* SharkORMTests.xctest */;
			productType = "com.apple.product-type.bundle.unit-test";
		};
		3A71E4FF20DCF65800554A4F /* libSharkORM */ = {
			isa = PBXNativeTarget;
			buildConfigurationList = 3A71E50920DCF65800554A4F /* Build configuration list for PBXNativeTarget "libSharkORM" */;
			buildPhases = (
				3A71E4FC20DCF65800554A4F /* Sources */,
				3A71E4FD20DCF65800554A4F /* Frameworks */,
				3A71E4FE20DCF65800554A4F /* CopyFiles */,
			);
			buildRules = (
			);
			dependencies = (
			);
			name = libSharkORM;
			productName = SharkORM;
			productReference = 3A71E50020DCF65800554A4F /* libSharkORM.a */;
			productType = "com.apple.product-type.library.static";
		};
/* End PBXNativeTarget section */

/* Begin PBXProject section */
		3A71E4F820DCF65800554A4F /* Project object */ = {
			isa = PBXProject;
			attributes = {
				LastSwiftUpdateCheck = 0940;
				LastUpgradeCheck = 0940;
				ORGANIZATIONNAME = SharkSync;
				TargetAttributes = {
					3A2175F420E230A20063B0B1 = {
						CreatedOnToolsVersion = 9.4.1;
					};
					3A21769320E3DE8C0063B0B1 = {
						CreatedOnToolsVersion = 9.4.1;
					};
					3A71E4FF20DCF65800554A4F = {
						CreatedOnToolsVersion = 9.4.1;
					};
				};
			};
			buildConfigurationList = 3A71E4FB20DCF65800554A4F /* Build configuration list for PBXProject "SharkORM" */;
			compatibilityVersion = "Xcode 9.3";
			developmentRegion = en;
			hasScannedForEncodings = 0;
			knownRegions = (
				en,
			);
			mainGroup = 3A71E4F720DCF65800554A4F;
			productRefGroup = 3A71E50120DCF65800554A4F /* Products */;
			projectDirPath = "";
			projectRoot = "";
			targets = (
				3A71E4FF20DCF65800554A4F /* libSharkORM */,
				3A2175F420E230A20063B0B1 /* SharkORM */,
				3A21769320E3DE8C0063B0B1 /* SharkORMTests */,
			);
		};
/* End PBXProject section */

/* Begin PBXResourcesBuildPhase section */
		3A2175F320E230A20063B0B1 /* Resources */ = {
			isa = PBXResourcesBuildPhase;
			buildActionMask = 2147483647;
			files = (
				3A21762620E248870063B0B1 /* Info.plist in Resources */,
			);
			runOnlyForDeploymentPostprocessing = 0;
		};
		3A21769220E3DE8C0063B0B1 /* Resources */ = {
			isa = PBXResourcesBuildPhase;
			buildActionMask = 2147483647;
			files = (
			);
			runOnlyForDeploymentPostprocessing = 0;
		};
/* End PBXResourcesBuildPhase section */

/* Begin PBXSourcesBuildPhase section */
		3A2175F020E230A20063B0B1 /* Sources */ = {
			isa = PBXSourcesBuildPhase;
			buildActionMask = 2147483647;
			files = (
			);
			runOnlyForDeploymentPostprocessing = 0;
		};
		3A21769020E3DE8C0063B0B1 /* Sources */ = {
			isa = PBXSourcesBuildPhase;
			buildActionMask = 2147483647;
			files = (
				3A2176A020E3EF6B0063B0B1 /* DataObjects.swift in Sources */,
				3A21769720E3DE8C0063B0B1 /* SharkORMTests.swift in Sources */,
			);
			runOnlyForDeploymentPostprocessing = 0;
		};
		3A71E4FC20DCF65800554A4F /* Sources */ = {
			isa = PBXSourcesBuildPhase;
			buildActionMask = 2147483647;
			files = (
				3A71E62B20DCF87D00554A4F /* SRKJoinObject.m in Sources */,
				3A71E65220DCF87D00554A4F /* SyncNetwork.swift in Sources */,
				3A71E63620DCF87D00554A4F /* SRKTransaction.m in Sources */,
				3A71E62A20DCF87D00554A4F /* SRKRelationship.m in Sources */,
				3A71E63E20DCF87D00554A4F /* SRKUnsupportedObject.m in Sources */,
				3A71E63820DCF87D00554A4F /* SRKEntityChain.m in Sources */,
				3A71E63520DCF87D00554A4F /* SRKTransactionInfo.m in Sources */,
				3A71E63720DCF87D00554A4F /* SRKEncryptedObject.m in Sources */,
				3A71E65120DCF87D00554A4F /* SRKSyncOptions.m in Sources */,
				3A71E62820DCF87D00554A4F /* SharkSchemaManager.swift in Sources */,
				3A71E64A20DCF87D00554A4F /* SRKEventBlockHolder.m in Sources */,
				3A71E63920DCF87D00554A4F /* SRKRawResults.m in Sources */,
				3A71E65520DCF87D00554A4F /* SyncRequest.swift in Sources */,
				3A71E65A20DCF87D00554A4F /* SharkSyncChange.swift in Sources */,
				3A71E63C20DCF87D00554A4F /* SRKStringObject.m in Sources */,
				3A71E65C20DCF87D00554A4F /* SharkSyncGroup.swift in Sources */,
				3A71E65320DCF87D00554A4F /* SRKSyncNodesList.m in Sources */,
				3A71E62C20DCF87D00554A4F /* SRKQueryProfile.m in Sources */,
				3A71E63320DCF87D00554A4F /* SRKSettings.m in Sources */,
				3A71E63120DCF87D00554A4F /* SRKError.m in Sources */,
				3A71E62E20DCF87D00554A4F /* SRKQueryAsyncHandler.m in Sources */,
				3A71E64920DCF87D00554A4F /* SRKEvent.m in Sources */,
				3A71E62F20DCF87D00554A4F /* SRKQuery.m in Sources */,
				3A71E65920DCF87D00554A4F /* SharkSync.m in Sources */,
				3A71E64220DCF87D00554A4F /* SRKRegistry.m in Sources */,
				3A71E62620DCF87D00554A4F /* SharkORM.m in Sources */,
				3A71E63D20DCF87D00554A4F /* SRKAES256Extension.m in Sources */,
				3A71E64B20DCF87D00554A4F /* SRKSQLiteHandle.m in Sources */,
				3A71E63F20DCF87D00554A4F /* SRKEntity.m in Sources */,
				3A71E64520DCF87D00554A4F /* SRKIndexDefinition.m in Sources */,
				3A71E62920DCF87D00554A4F /* SRKUtilities.m in Sources */,
				3A71E64720DCF87D00554A4F /* SRKEventHandler.m in Sources */,
				3A71E64D20DCF87D00554A4F /* SRKSyncObject.m in Sources */,
				3A71E64120DCF87D00554A4F /* SRKRegistryEntry.m in Sources */,
				3A71E64820DCF87D00554A4F /* SRKEventRegistryObject.m in Sources */,
				3A71E64020DCF87D00554A4F /* SRKObject.m in Sources */,
				3A71E65B20DCF87D00554A4F /* SRKDefunctObject.m in Sources */,
				3A71E64E20DCF87D00554A4F /* SyncComms.swift in Sources */,
				3A71E63420DCF87D00554A4F /* SRKContext.m in Sources */,
				3A71E65820DCF87D00554A4F /* SRKSyncRegisteredClass.m in Sources */,
				3A71E64320DCF87D00554A4F /* SRKCompoundIndex.m in Sources */,
				3A71E64420DCF87D00554A4F /* SRKIndexProperty.m in Sources */,
				3A71E64F20DCF87D00554A4F /* SRKDeferredChange.m in Sources */,
				3A71E65420DCF87D00554A4F /* Mutex.swift in Sources */,
				3A71E62720DCF87D00554A4F /* SRKLazyLoader.m in Sources */,
				3A71E65620DCF87D00554A4F /* SyncInterface.swift in Sources */,
				3A71E63B20DCF87D00554A4F /* SRKResultSet.m in Sources */,
				3A71E63A20DCF87D00554A4F /* SRKCommitOptions.m in Sources */,
				3A71E63020DCF87D00554A4F /* SRKGlobals.m in Sources */,
				3A71E64C20DCF87D00554A4F /* sqlite3.c in Sources */,
			);
			runOnlyForDeploymentPostprocessing = 0;
		};
/* End PBXSourcesBuildPhase section */

/* Begin PBXTargetDependency section */
		3A21760120E2318D0063B0B1 /* PBXTargetDependency */ = {
			isa = PBXTargetDependency;
			target = 3A71E4FF20DCF65800554A4F /* libSharkORM */;
			targetProxy = 3A21760020E2318D0063B0B1 /* PBXContainerItemProxy */;
		};
		3A2714ED20E8632D008DE398 /* PBXTargetDependency */ = {
			isa = PBXTargetDependency;
			target = 3A2175F420E230A20063B0B1 /* SharkORM */;
			targetProxy = 3A2714EC20E8632D008DE398 /* PBXContainerItemProxy */;
		};
/* End PBXTargetDependency section */

/* Begin XCBuildConfiguration section */
		3A2175FB20E230A20063B0B1 /* Debug */ = {
			isa = XCBuildConfiguration;
			buildSettings = {
				CODE_SIGN_IDENTITY = "";
				CODE_SIGN_STYLE = Automatic;
				CURRENT_PROJECT_VERSION = 1;
				DEFINES_MODULE = YES;
				DEVELOPMENT_TEAM = 3D9YGMP46N;
				DYLIB_COMPATIBILITY_VERSION = 1;
				DYLIB_CURRENT_VERSION = 1;
				DYLIB_INSTALL_NAME_BASE = "@rpath";
				INFOPLIST_FILE = SharkORM/Info.plist;
				INSTALL_PATH = "$(LOCAL_LIBRARY_DIR)/Frameworks";
				IPHONEOS_DEPLOYMENT_TARGET = 9.0;
				LD_RUNPATH_SEARCH_PATHS = (
					"$(inherited)",
					"@executable_path/Frameworks",
					"@loader_path/Frameworks",
				);
				MACH_O_TYPE = staticlib;
				ONLY_ACTIVE_ARCH = NO;
				PRODUCT_BUNDLE_IDENTIFIER = io.sharksync.SharkORM;
				PRODUCT_NAME = "$(TARGET_NAME:c99extidentifier)";
				SKIP_INSTALL = YES;
				TARGETED_DEVICE_FAMILY = "1,2";
				VALID_ARCHS = "arm64 armv7 armv7s x86_64 i386";
				VERSIONING_SYSTEM = "apple-generic";
				VERSION_INFO_PREFIX = "";
			};
			name = Debug;
		};
		3A2175FC20E230A20063B0B1 /* Release */ = {
			isa = XCBuildConfiguration;
			buildSettings = {
				CODE_SIGN_IDENTITY = "";
				CODE_SIGN_STYLE = Automatic;
				CURRENT_PROJECT_VERSION = 1;
				DEFINES_MODULE = YES;
				DEVELOPMENT_TEAM = 3D9YGMP46N;
				DYLIB_COMPATIBILITY_VERSION = 1;
				DYLIB_CURRENT_VERSION = 1;
				DYLIB_INSTALL_NAME_BASE = "@rpath";
				INFOPLIST_FILE = SharkORM/Info.plist;
				INSTALL_PATH = "$(LOCAL_LIBRARY_DIR)/Frameworks";
				IPHONEOS_DEPLOYMENT_TARGET = 9.0;
				LD_RUNPATH_SEARCH_PATHS = (
					"$(inherited)",
					"@executable_path/Frameworks",
					"@loader_path/Frameworks",
				);
				MACH_O_TYPE = staticlib;
				ONLY_ACTIVE_ARCH = NO;
				PRODUCT_BUNDLE_IDENTIFIER = io.sharksync.SharkORM;
				PRODUCT_NAME = "$(TARGET_NAME:c99extidentifier)";
				SKIP_INSTALL = YES;
				TARGETED_DEVICE_FAMILY = "1,2";
				VALID_ARCHS = "arm64 armv7 armv7s x86_64 i386";
				VERSIONING_SYSTEM = "apple-generic";
				VERSION_INFO_PREFIX = "";
			};
			name = Release;
		};
		3A21769D20E3DE8C0063B0B1 /* Debug */ = {
			isa = XCBuildConfiguration;
			buildSettings = {
				CLANG_WARN_DOCUMENTATION_COMMENTS = YES;
				CODE_SIGN_STYLE = Automatic;
				DEVELOPMENT_TEAM = 3D9YGMP46N;
				INFOPLIST_FILE = SharkORMTests/Info.plist;
				IPHONEOS_DEPLOYMENT_TARGET = 11.4;
				LD_RUNPATH_SEARCH_PATHS = (
					"$(inherited)",
					"@executable_path/Frameworks",
					"@loader_path/Frameworks",
				);
				PRODUCT_BUNDLE_IDENTIFIER = io.sharksync.SharkORMTests;
				PRODUCT_NAME = "$(TARGET_NAME)";
				SWIFT_ACTIVE_COMPILATION_CONDITIONS = DEBUG;
				SWIFT_OPTIMIZATION_LEVEL = "-Onone";
				SWIFT_VERSION = 4.0;
				TARGETED_DEVICE_FAMILY = "1,2";
			};
			name = Debug;
		};
		3A21769E20E3DE8C0063B0B1 /* Release */ = {
			isa = XCBuildConfiguration;
			buildSettings = {
				CLANG_WARN_DOCUMENTATION_COMMENTS = YES;
				CODE_SIGN_STYLE = Automatic;
				DEVELOPMENT_TEAM = 3D9YGMP46N;
				INFOPLIST_FILE = SharkORMTests/Info.plist;
				IPHONEOS_DEPLOYMENT_TARGET = 11.4;
				LD_RUNPATH_SEARCH_PATHS = (
					"$(inherited)",
					"@executable_path/Frameworks",
					"@loader_path/Frameworks",
				);
				PRODUCT_BUNDLE_IDENTIFIER = io.sharksync.SharkORMTests;
				PRODUCT_NAME = "$(TARGET_NAME)";
				SWIFT_COMPILATION_MODE = wholemodule;
				SWIFT_OPTIMIZATION_LEVEL = "-O";
				SWIFT_VERSION = 4.0;
				TARGETED_DEVICE_FAMILY = "1,2";
			};
			name = Release;
		};
		3A71E50720DCF65800554A4F /* Debug */ = {
			isa = XCBuildConfiguration;
			buildSettings = {
				ALWAYS_EMBED_SWIFT_STANDARD_LIBRARIES = YES;
				ALWAYS_SEARCH_USER_PATHS = NO;
				CLANG_ANALYZER_NONNULL = YES;
				CLANG_ANALYZER_NUMBER_OBJECT_CONVERSION = YES_AGGRESSIVE;
				CLANG_CXX_LANGUAGE_STANDARD = "gnu++14";
				CLANG_CXX_LIBRARY = "libc++";
				CLANG_ENABLE_MODULES = YES;
				CLANG_ENABLE_OBJC_ARC = YES;
				CLANG_ENABLE_OBJC_WEAK = YES;
				CLANG_WARN_BLOCK_CAPTURE_AUTORELEASING = YES;
				CLANG_WARN_BOOL_CONVERSION = YES;
				CLANG_WARN_COMMA = YES;
				CLANG_WARN_CONSTANT_CONVERSION = YES;
				CLANG_WARN_DEPRECATED_OBJC_IMPLEMENTATIONS = YES;
				CLANG_WARN_DIRECT_OBJC_ISA_USAGE = YES_ERROR;
				CLANG_WARN_DOCUMENTATION_COMMENTS = NO;
				CLANG_WARN_EMPTY_BODY = YES;
				CLANG_WARN_ENUM_CONVERSION = YES;
				CLANG_WARN_INFINITE_RECURSION = YES;
				CLANG_WARN_INT_CONVERSION = YES;
				CLANG_WARN_NON_LITERAL_NULL_CONVERSION = YES;
				CLANG_WARN_OBJC_IMPLICIT_RETAIN_SELF = YES;
				CLANG_WARN_OBJC_LITERAL_CONVERSION = YES;
				CLANG_WARN_OBJC_ROOT_CLASS = YES_ERROR;
				CLANG_WARN_RANGE_LOOP_ANALYSIS = YES;
				CLANG_WARN_STRICT_PROTOTYPES = YES;
				CLANG_WARN_SUSPICIOUS_MOVE = YES;
				CLANG_WARN_UNGUARDED_AVAILABILITY = YES_AGGRESSIVE;
				CLANG_WARN_UNREACHABLE_CODE = YES;
				CLANG_WARN__DUPLICATE_METHOD_MATCH = YES;
				CODE_SIGN_IDENTITY = "iPhone Developer";
				COPY_PHASE_STRIP = NO;
				DEBUG_INFORMATION_FORMAT = dwarf;
				ENABLE_STRICT_OBJC_MSGSEND = YES;
				ENABLE_TESTABILITY = YES;
				GCC_C_LANGUAGE_STANDARD = gnu11;
				GCC_DYNAMIC_NO_PIC = NO;
				GCC_NO_COMMON_BLOCKS = YES;
				GCC_OPTIMIZATION_LEVEL = 0;
				GCC_PREPROCESSOR_DEFINITIONS = (
					"DEBUG=1",
					"$(inherited)",
				);
				GCC_WARN_64_TO_32_BIT_CONVERSION = YES;
				GCC_WARN_ABOUT_RETURN_TYPE = YES_ERROR;
				GCC_WARN_UNDECLARED_SELECTOR = YES;
				GCC_WARN_UNINITIALIZED_AUTOS = YES_AGGRESSIVE;
				GCC_WARN_UNUSED_FUNCTION = YES;
				GCC_WARN_UNUSED_VARIABLE = YES;
				IPHONEOS_DEPLOYMENT_TARGET = 9.0;
				MACOSX_DEPLOYMENT_TARGET = 10.10;
				MTL_ENABLE_DEBUG_INFO = YES;
				ONLY_ACTIVE_ARCH = YES;
				SDKROOT = iphoneos;
				STRIP_INSTALLED_PRODUCT = NO;
				STRIP_SWIFT_SYMBOLS = NO;
				SWIFT_OPTIMIZATION_LEVEL = "-Onone";
				SWIFT_VERSION = 4.0;
				TVOS_DEPLOYMENT_TARGET = 11.0;
				WATCHOS_DEPLOYMENT_TARGET = 3.0;
			};
			name = Debug;
		};
		3A71E50820DCF65800554A4F /* Release */ = {
			isa = XCBuildConfiguration;
			buildSettings = {
				ALWAYS_EMBED_SWIFT_STANDARD_LIBRARIES = YES;
				ALWAYS_SEARCH_USER_PATHS = NO;
				CLANG_ANALYZER_NONNULL = YES;
				CLANG_ANALYZER_NUMBER_OBJECT_CONVERSION = YES_AGGRESSIVE;
				CLANG_CXX_LANGUAGE_STANDARD = "gnu++14";
				CLANG_CXX_LIBRARY = "libc++";
				CLANG_ENABLE_MODULES = YES;
				CLANG_ENABLE_OBJC_ARC = YES;
				CLANG_ENABLE_OBJC_WEAK = YES;
				CLANG_WARN_BLOCK_CAPTURE_AUTORELEASING = YES;
				CLANG_WARN_BOOL_CONVERSION = YES;
				CLANG_WARN_COMMA = YES;
				CLANG_WARN_CONSTANT_CONVERSION = YES;
				CLANG_WARN_DEPRECATED_OBJC_IMPLEMENTATIONS = YES;
				CLANG_WARN_DIRECT_OBJC_ISA_USAGE = YES_ERROR;
				CLANG_WARN_DOCUMENTATION_COMMENTS = NO;
				CLANG_WARN_EMPTY_BODY = YES;
				CLANG_WARN_ENUM_CONVERSION = YES;
				CLANG_WARN_INFINITE_RECURSION = YES;
				CLANG_WARN_INT_CONVERSION = YES;
				CLANG_WARN_NON_LITERAL_NULL_CONVERSION = YES;
				CLANG_WARN_OBJC_IMPLICIT_RETAIN_SELF = YES;
				CLANG_WARN_OBJC_LITERAL_CONVERSION = YES;
				CLANG_WARN_OBJC_ROOT_CLASS = YES_ERROR;
				CLANG_WARN_RANGE_LOOP_ANALYSIS = YES;
				CLANG_WARN_STRICT_PROTOTYPES = YES;
				CLANG_WARN_SUSPICIOUS_MOVE = YES;
				CLANG_WARN_UNGUARDED_AVAILABILITY = YES_AGGRESSIVE;
				CLANG_WARN_UNREACHABLE_CODE = YES;
				CLANG_WARN__DUPLICATE_METHOD_MATCH = YES;
				CODE_SIGN_IDENTITY = "iPhone Developer";
				COPY_PHASE_STRIP = NO;
				DEBUG_INFORMATION_FORMAT = "dwarf-with-dsym";
				ENABLE_NS_ASSERTIONS = NO;
				ENABLE_STRICT_OBJC_MSGSEND = YES;
				GCC_C_LANGUAGE_STANDARD = gnu11;
				GCC_NO_COMMON_BLOCKS = YES;
				GCC_WARN_64_TO_32_BIT_CONVERSION = YES;
				GCC_WARN_ABOUT_RETURN_TYPE = YES_ERROR;
				GCC_WARN_UNDECLARED_SELECTOR = YES;
				GCC_WARN_UNINITIALIZED_AUTOS = YES_AGGRESSIVE;
				GCC_WARN_UNUSED_FUNCTION = YES;
				GCC_WARN_UNUSED_VARIABLE = YES;
				IPHONEOS_DEPLOYMENT_TARGET = 9.0;
				MACOSX_DEPLOYMENT_TARGET = 10.10;
				MTL_ENABLE_DEBUG_INFO = NO;
				SDKROOT = iphoneos;
				STRIP_INSTALLED_PRODUCT = NO;
				STRIP_SWIFT_SYMBOLS = NO;
				SWIFT_VERSION = 4.0;
				TVOS_DEPLOYMENT_TARGET = 11.0;
				VALIDATE_PRODUCT = YES;
				WATCHOS_DEPLOYMENT_TARGET = 3.0;
			};
			name = Release;
		};
		3A71E50A20DCF65800554A4F /* Debug */ = {
			isa = XCBuildConfiguration;
			buildSettings = {
				ALWAYS_EMBED_SWIFT_STANDARD_LIBRARIES = NO;
				CODE_SIGN_STYLE = Automatic;
				DEFINES_MODULE = YES;
				EXECUTABLE_PREFIX = "";
				IPHONEOS_DEPLOYMENT_TARGET = 9.0;
				MODULEMAP_FILE = "${SRCROOT}/SharkORM/SharkORM.modulemap";
				ONLY_ACTIVE_ARCH = NO;
				OTHER_LDFLAGS = "-ObjC";
				PRODUCT_MODULE_NAME = SharkORM;
				PRODUCT_NAME = "$(TARGET_NAME)";
				SKIP_INSTALL = YES;
				SWIFT_OBJC_BRIDGING_HEADER = "$(SRCROOT)/SharkORM/Core/BridgingHeader.h";
				SWIFT_VERSION = 4.0;
				TARGETED_DEVICE_FAMILY = "1,2";
				VALID_ARCHS = "arm64 armv7 armv7s x86_64 i386";
			};
			name = Debug;
		};
		3A71E50B20DCF65800554A4F /* Release */ = {
			isa = XCBuildConfiguration;
			buildSettings = {
				ALWAYS_EMBED_SWIFT_STANDARD_LIBRARIES = NO;
				CODE_SIGN_STYLE = Automatic;
				DEFINES_MODULE = YES;
				EXECUTABLE_PREFIX = "";
				IPHONEOS_DEPLOYMENT_TARGET = 9.0;
				MODULEMAP_FILE = "${SRCROOT}/SharkORM/SharkORM.modulemap";
				ONLY_ACTIVE_ARCH = NO;
				OTHER_LDFLAGS = "-ObjC";
				PRODUCT_MODULE_NAME = SharkORM;
				PRODUCT_NAME = "$(TARGET_NAME)";
				SKIP_INSTALL = YES;
				SWIFT_OBJC_BRIDGING_HEADER = "$(SRCROOT)/SharkORM/Core/BridgingHeader.h";
				SWIFT_VERSION = 4.0;
				TARGETED_DEVICE_FAMILY = "1,2";
				VALID_ARCHS = "arm64 armv7 armv7s x86_64 i386";
			};
			name = Release;
		};
/* End XCBuildConfiguration section */

/* Begin XCConfigurationList section */
		3A2175FA20E230A20063B0B1 /* Build configuration list for PBXNativeTarget "SharkORM" */ = {
			isa = XCConfigurationList;
			buildConfigurations = (
				3A2175FB20E230A20063B0B1 /* Debug */,
				3A2175FC20E230A20063B0B1 /* Release */,
			);
			defaultConfigurationIsVisible = 0;
			defaultConfigurationName = Release;
		};
		3A21769C20E3DE8C0063B0B1 /* Build configuration list for PBXNativeTarget "SharkORMTests" */ = {
			isa = XCConfigurationList;
			buildConfigurations = (
				3A21769D20E3DE8C0063B0B1 /* Debug */,
				3A21769E20E3DE8C0063B0B1 /* Release */,
			);
			defaultConfigurationIsVisible = 0;
			defaultConfigurationName = Release;
		};
		3A71E4FB20DCF65800554A4F /* Build configuration list for PBXProject "SharkORM" */ = {
			isa = XCConfigurationList;
			buildConfigurations = (
				3A71E50720DCF65800554A4F /* Debug */,
				3A71E50820DCF65800554A4F /* Release */,
			);
			defaultConfigurationIsVisible = 0;
			defaultConfigurationName = Release;
		};
		3A71E50920DCF65800554A4F /* Build configuration list for PBXNativeTarget "libSharkORM" */ = {
			isa = XCConfigurationList;
			buildConfigurations = (
				3A71E50A20DCF65800554A4F /* Debug */,
				3A71E50B20DCF65800554A4F /* Release */,
			);
			defaultConfigurationIsVisible = 0;
			defaultConfigurationName = Release;
		};
/* End XCConfigurationList section */
	};
	rootObject = 3A71E4F820DCF65800554A4F /* Project object */;
}
