// !$*UTF8*$!
{
	archiveVersion = 1;
	classes = {
	};
	objectVersion = 50;
	objects = {

/* Begin PBXBuildFile section */
		3A2714EE20E86342008DE398 /* SharkORM.framework in Frameworks */ = {isa = PBXBuildFile; fileRef = 3A2175F520E230A20063B0B1 /* SharkORM.framework */; };
		3AB935A220F2435B00048FCD /* Foundation.framework in Frameworks */ = {isa = PBXBuildFile; fileRef = 3AB935A120F2435B00048FCD /* Foundation.framework */; };
		3AB937AD20F29DCA00048FCD /* SharkORM.m in Sources */ = {isa = PBXBuildFile; fileRef = 3AB9374A20F29DCA00048FCD /* SharkORM.m */; };
		3AB937AE20F29DCA00048FCD /* SRKLazyLoader.m in Sources */ = {isa = PBXBuildFile; fileRef = 3AB9374B20F29DCA00048FCD /* SRKLazyLoader.m */; };
		3AB937B020F29DCA00048FCD /* SRKUtilities.m in Sources */ = {isa = PBXBuildFile; fileRef = 3AB9374D20F29DCA00048FCD /* SRKUtilities.m */; };
		3AB937B120F29DCA00048FCD /* SRKRelationship.m in Sources */ = {isa = PBXBuildFile; fileRef = 3AB9374E20F29DCA00048FCD /* SRKRelationship.m */; };
		3AB937B220F29DCA00048FCD /* SRKJoinObject.m in Sources */ = {isa = PBXBuildFile; fileRef = 3AB9375020F29DCA00048FCD /* SRKJoinObject.m */; };
		3AB937B320F29DCA00048FCD /* SRKQueryProfile.m in Sources */ = {isa = PBXBuildFile; fileRef = 3AB9375120F29DCA00048FCD /* SRKQueryProfile.m */; };
		3AB937B420F29DCA00048FCD /* SRKJoinObject.h in Headers */ = {isa = PBXBuildFile; fileRef = 3AB9375220F29DCA00048FCD /* SRKJoinObject.h */; };
		3AB937B520F29DCA00048FCD /* SRKQueryAsyncHandler.m in Sources */ = {isa = PBXBuildFile; fileRef = 3AB9375320F29DCA00048FCD /* SRKQueryAsyncHandler.m */; };
		3AB937B620F29DCA00048FCD /* SRKQuery.m in Sources */ = {isa = PBXBuildFile; fileRef = 3AB9375420F29DCA00048FCD /* SRKQuery.m */; };
		3AB937B720F29DCA00048FCD /* SRKSQLiteHandle.h in Headers */ = {isa = PBXBuildFile; fileRef = 3AB9375520F29DCA00048FCD /* SRKSQLiteHandle.h */; };
		3AB937B820F29DCA00048FCD /* SRKDefinitions.h in Headers */ = {isa = PBXBuildFile; fileRef = 3AB9375620F29DCA00048FCD /* SRKDefinitions.h */; };
		3AB937B920F29DCA00048FCD /* SRKGlobals.m in Sources */ = {isa = PBXBuildFile; fileRef = 3AB9375720F29DCA00048FCD /* SRKGlobals.m */; };
		3AB937BA20F29DCA00048FCD /* SRKError.m in Sources */ = {isa = PBXBuildFile; fileRef = 3AB9375820F29DCA00048FCD /* SRKError.m */; };
		3AB937BB20F29DCA00048FCD /* SRKSettings.m in Sources */ = {isa = PBXBuildFile; fileRef = 3AB9375920F29DCA00048FCD /* SRKSettings.m */; };
		3AB937BC20F29DCA00048FCD /* SRKContext.m in Sources */ = {isa = PBXBuildFile; fileRef = 3AB9375B20F29DCA00048FCD /* SRKContext.m */; };
		3AB937BD20F29DCA00048FCD /* SRKTransactionInfo.m in Sources */ = {isa = PBXBuildFile; fileRef = 3AB9375C20F29DCA00048FCD /* SRKTransactionInfo.m */; };
		3AB937BE20F29DCA00048FCD /* SRKContext.h in Headers */ = {isa = PBXBuildFile; fileRef = 3AB9375D20F29DCA00048FCD /* SRKContext.h */; };
		3AB937BF20F29DCA00048FCD /* SRKTransaction.m in Sources */ = {isa = PBXBuildFile; fileRef = 3AB9375E20F29DCA00048FCD /* SRKTransaction.m */; };
		3AB937C020F29DCA00048FCD /* SRKTransactionInfo.h in Headers */ = {isa = PBXBuildFile; fileRef = 3AB9375F20F29DCA00048FCD /* SRKTransactionInfo.h */; };
		3AB937C120F29DCA00048FCD /* SRKLazyLoader.h in Headers */ = {isa = PBXBuildFile; fileRef = 3AB9376020F29DCA00048FCD /* SRKLazyLoader.h */; };
		3AB937C220F29DCA00048FCD /* SRKUtilities.h in Headers */ = {isa = PBXBuildFile; fileRef = 3AB9376120F29DCA00048FCD /* SRKUtilities.h */; };
		3AB937C320F29DCA00048FCD /* SRKEncryptedObject.m in Sources */ = {isa = PBXBuildFile; fileRef = 3AB9376320F29DCA00048FCD /* SRKEncryptedObject.m */; };
		3AB937C420F29DCA00048FCD /* SRKEntityChain.m in Sources */ = {isa = PBXBuildFile; fileRef = 3AB9376420F29DCA00048FCD /* SRKEntityChain.m */; };
		3AB937C520F29DCA00048FCD /* SRKRawResults.m in Sources */ = {isa = PBXBuildFile; fileRef = 3AB9376520F29DCA00048FCD /* SRKRawResults.m */; };
		3AB937C620F29DCA00048FCD /* SRKCommitOptions.m in Sources */ = {isa = PBXBuildFile; fileRef = 3AB9376620F29DCA00048FCD /* SRKCommitOptions.m */; };
		3AB937C720F29DCA00048FCD /* SRKResultSet.m in Sources */ = {isa = PBXBuildFile; fileRef = 3AB9376720F29DCA00048FCD /* SRKResultSet.m */; };
		3AB937C820F29DCA00048FCD /* SRKStringObject.m in Sources */ = {isa = PBXBuildFile; fileRef = 3AB9376820F29DCA00048FCD /* SRKStringObject.m */; };
		3AB937C920F29DCA00048FCD /* SRKUnsupportedObject.h in Headers */ = {isa = PBXBuildFile; fileRef = 3AB9376920F29DCA00048FCD /* SRKUnsupportedObject.h */; };
		3AB937CA20F29DCA00048FCD /* SRKAES256Extension.m in Sources */ = {isa = PBXBuildFile; fileRef = 3AB9376A20F29DCA00048FCD /* SRKAES256Extension.m */; };
		3AB937CB20F29DCA00048FCD /* SRKEntityChain.h in Headers */ = {isa = PBXBuildFile; fileRef = 3AB9376B20F29DCA00048FCD /* SRKEntityChain.h */; };
		3AB937CC20F29DCA00048FCD /* SRKEncryptedObject.h in Headers */ = {isa = PBXBuildFile; fileRef = 3AB9376C20F29DCA00048FCD /* SRKEncryptedObject.h */; };
		3AB937CD20F29DCA00048FCD /* SRKUnsupportedObject.m in Sources */ = {isa = PBXBuildFile; fileRef = 3AB9376D20F29DCA00048FCD /* SRKUnsupportedObject.m */; };
		3AB937CE20F29DCA00048FCD /* SRKEntity.m in Sources */ = {isa = PBXBuildFile; fileRef = 3AB9376E20F29DCA00048FCD /* SRKEntity.m */; };
		3AB937CF20F29DCA00048FCD /* SRKObject.m in Sources */ = {isa = PBXBuildFile; fileRef = 3AB9376F20F29DCA00048FCD /* SRKObject.m */; };
		3AB937D020F29DCA00048FCD /* SRKAES256Extension.h in Headers */ = {isa = PBXBuildFile; fileRef = 3AB9377020F29DCA00048FCD /* SRKAES256Extension.h */; };
		3AB937D120F29DCA00048FCD /* SRKRegistry.h in Headers */ = {isa = PBXBuildFile; fileRef = 3AB9377220F29DCA00048FCD /* SRKRegistry.h */; };
		3AB937D220F29DCA00048FCD /* SRKRegistryEntry.h in Headers */ = {isa = PBXBuildFile; fileRef = 3AB9377320F29DCA00048FCD /* SRKRegistryEntry.h */; };
		3AB937D320F29DCA00048FCD /* SRKRegistryEntry.m in Sources */ = {isa = PBXBuildFile; fileRef = 3AB9377420F29DCA00048FCD /* SRKRegistryEntry.m */; };
		3AB937D420F29DCA00048FCD /* SRKRegistry.m in Sources */ = {isa = PBXBuildFile; fileRef = 3AB9377520F29DCA00048FCD /* SRKRegistry.m */; };
		3AB937D520F29DCA00048FCD /* SRKRelationship.h in Headers */ = {isa = PBXBuildFile; fileRef = 3AB9377620F29DCA00048FCD /* SRKRelationship.h */; };
		3AB937D620F29DCA00048FCD /* SRKCompoundIndex.m in Sources */ = {isa = PBXBuildFile; fileRef = 3AB9377820F29DCA00048FCD /* SRKCompoundIndex.m */; };
		3AB937D720F29DCA00048FCD /* SRKIndexProperty.m in Sources */ = {isa = PBXBuildFile; fileRef = 3AB9377920F29DCA00048FCD /* SRKIndexProperty.m */; };
		3AB937D820F29DCA00048FCD /* SRKIndexDefinition.m in Sources */ = {isa = PBXBuildFile; fileRef = 3AB9377A20F29DCA00048FCD /* SRKIndexDefinition.m */; };
		3AB937D920F29DCA00048FCD /* SRKEventHandler.m in Sources */ = {isa = PBXBuildFile; fileRef = 3AB9377C20F29DCA00048FCD /* SRKEventHandler.m */; };
		3AB937DA20F29DCA00048FCD /* SRKEventRegistryObject.m in Sources */ = {isa = PBXBuildFile; fileRef = 3AB9377D20F29DCA00048FCD /* SRKEventRegistryObject.m */; };
		3AB937DB20F29DCA00048FCD /* SRKEventBlockHolder.h in Headers */ = {isa = PBXBuildFile; fileRef = 3AB9377E20F29DCA00048FCD /* SRKEventBlockHolder.h */; };
		3AB937DC20F29DCA00048FCD /* SRKEventRegistryObject.h in Headers */ = {isa = PBXBuildFile; fileRef = 3AB9377F20F29DCA00048FCD /* SRKEventRegistryObject.h */; };
		3AB937DD20F29DCA00048FCD /* SRKEvent.m in Sources */ = {isa = PBXBuildFile; fileRef = 3AB9378020F29DCA00048FCD /* SRKEvent.m */; };
		3AB937DE20F29DCA00048FCD /* SRKEventBlockHolder.m in Sources */ = {isa = PBXBuildFile; fileRef = 3AB9378120F29DCA00048FCD /* SRKEventBlockHolder.m */; };
		3AB937DF20F29DCA00048FCD /* SRKGlobals.h in Headers */ = {isa = PBXBuildFile; fileRef = 3AB9378220F29DCA00048FCD /* SRKGlobals.h */; };
		3AB937E020F29DCA00048FCD /* SRKSQLiteHandle.m in Sources */ = {isa = PBXBuildFile; fileRef = 3AB9378320F29DCA00048FCD /* SRKSQLiteHandle.m */; };
		3AB937E120F29DCA00048FCD /* sqlite3.c in Sources */ = {isa = PBXBuildFile; fileRef = 3AB9378520F29DCA00048FCD /* sqlite3.c */; };
		3AB937E220F29DCA00048FCD /* sqlite mods.txt in Resources */ = {isa = PBXBuildFile; fileRef = 3AB9378620F29DCA00048FCD /* sqlite mods.txt */; };
		3AB937E320F29DCA00048FCD /* sqlite3.h in Headers */ = {isa = PBXBuildFile; fileRef = 3AB9378720F29DCA00048FCD /* sqlite3.h */; };
		3AB937E420F29DCA00048FCD /* sqlite3ext.h in Headers */ = {isa = PBXBuildFile; fileRef = 3AB9378820F29DCA00048FCD /* sqlite3ext.h */; };
		3AB937E520F29DCA00048FCD /* SharkORM.h in Headers */ = {isa = PBXBuildFile; fileRef = 3AB9378920F29DCA00048FCD /* SharkORM.h */; settings = {ATTRIBUTES = (Public, ); }; };
		3AB937E620F29DCA00048FCD /* SRKTransaction+Private.h in Headers */ = {isa = PBXBuildFile; fileRef = 3AB9378B20F29DCA00048FCD /* SRKTransaction+Private.h */; };
		3AB937E720F29DCA00048FCD /* SRKIndexDefinition+Private.h in Headers */ = {isa = PBXBuildFile; fileRef = 3AB9378C20F29DCA00048FCD /* SRKIndexDefinition+Private.h */; };
		3AB937E820F29DCA00048FCD /* SRKCommitOptions+Private.h in Headers */ = {isa = PBXBuildFile; fileRef = 3AB9378D20F29DCA00048FCD /* SRKCommitOptions+Private.h */; };
		3AB937E920F29DCA00048FCD /* SRKResultSet+Private.h in Headers */ = {isa = PBXBuildFile; fileRef = 3AB9378E20F29DCA00048FCD /* SRKResultSet+Private.h */; };
		3AB937EA20F29DCA00048FCD /* SRKEntity+Private.h in Headers */ = {isa = PBXBuildFile; fileRef = 3AB9378F20F29DCA00048FCD /* SRKEntity+Private.h */; };
		3AB937EB20F29DCA00048FCD /* SRKCompoundIndex+Private.h in Headers */ = {isa = PBXBuildFile; fileRef = 3AB9379020F29DCA00048FCD /* SRKCompoundIndex+Private.h */; };
		3AB937EC20F29DCA00048FCD /* SharkORM+Private.h in Headers */ = {isa = PBXBuildFile; fileRef = 3AB9379120F29DCA00048FCD /* SharkORM+Private.h */; };
		3AB937ED20F29DCA00048FCD /* SRKEventHandler+Private.h in Headers */ = {isa = PBXBuildFile; fileRef = 3AB9379220F29DCA00048FCD /* SRKEventHandler+Private.h */; };
		3AB937EE20F29DCA00048FCD /* SRKQuery+Private.h in Headers */ = {isa = PBXBuildFile; fileRef = 3AB9379320F29DCA00048FCD /* SRKQuery+Private.h */; };
		3AB937EF20F29DCA00048FCD /* SRKQueryAsyncHandler+Private.h in Headers */ = {isa = PBXBuildFile; fileRef = 3AB9379420F29DCA00048FCD /* SRKQueryAsyncHandler+Private.h */; };
		3AB937F020F29DCA00048FCD /* SharkSync+Private.h in Headers */ = {isa = PBXBuildFile; fileRef = 3AB9379620F29DCA00048FCD /* SharkSync+Private.h */; };
		3AB937F120F29DCA00048FCD /* SRKSyncRegisteredClass.h in Headers */ = {isa = PBXBuildFile; fileRef = 3AB9379720F29DCA00048FCD /* SRKSyncRegisteredClass.h */; };
		3AB937F220F29DCA00048FCD /* SRKSyncObject.m in Sources */ = {isa = PBXBuildFile; fileRef = 3AB9379820F29DCA00048FCD /* SRKSyncObject.m */; };
		3AB937F420F29DCA00048FCD /* SRKDeferredChange.m in Sources */ = {isa = PBXBuildFile; fileRef = 3AB9379A20F29DCA00048FCD /* SRKDeferredChange.m */; };
		3AB937F520F29DCA00048FCD /* SRKDefunctObject.h in Headers */ = {isa = PBXBuildFile; fileRef = 3AB9379B20F29DCA00048FCD /* SRKDefunctObject.h */; };
		3AB937F620F29DCA00048FCD /* SRKSyncOptions.m in Sources */ = {isa = PBXBuildFile; fileRef = 3AB9379C20F29DCA00048FCD /* SRKSyncOptions.m */; };
		3AB937F820F29DCA00048FCD /* SRKSyncNodesList.m in Sources */ = {isa = PBXBuildFile; fileRef = 3AB9379F20F29DCA00048FCD /* SRKSyncNodesList.m */; };
		3AB937FB20F29DCA00048FCD /* SRKSyncNodesList.h in Headers */ = {isa = PBXBuildFile; fileRef = 3AB937A220F29DCA00048FCD /* SRKSyncNodesList.h */; };
		3AB937FD20F29DCA00048FCD /* SRKSyncRegisteredClass.m in Sources */ = {isa = PBXBuildFile; fileRef = 3AB937A420F29DCA00048FCD /* SRKSyncRegisteredClass.m */; };
		3AB937FE20F29DCA00048FCD /* SharkSync.m in Sources */ = {isa = PBXBuildFile; fileRef = 3AB937A520F29DCA00048FCD /* SharkSync.m */; };
		3AB937FF20F29DCA00048FCD /* SRKDeferredChange.h in Headers */ = {isa = PBXBuildFile; fileRef = 3AB937A620F29DCA00048FCD /* SRKDeferredChange.h */; };
		3AB9380120F29DCA00048FCD /* SRKSyncOptions.h in Headers */ = {isa = PBXBuildFile; fileRef = 3AB937A820F29DCA00048FCD /* SRKSyncOptions.h */; };
		3AB9380220F29DCA00048FCD /* SRKDefunctObject.m in Sources */ = {isa = PBXBuildFile; fileRef = 3AB937A920F29DCA00048FCD /* SRKDefunctObject.m */; };
		3AB9380420F29DCA00048FCD /* SRKSyncObject+Private.h in Headers */ = {isa = PBXBuildFile; fileRef = 3AB937AB20F29DCA00048FCD /* SRKSyncObject+Private.h */; };
		3AB9380520F29DCA00048FCD /* Info.plist in Resources */ = {isa = PBXBuildFile; fileRef = 3AB937AC20F29DCA00048FCD /* Info.plist */; };
		3AB9380A20F29DE100048FCD /* README.md in Resources */ = {isa = PBXBuildFile; fileRef = 3AB9380620F29DE100048FCD /* README.md */; };
		3AB9380B20F29DE100048FCD /* CHANGELOG.md in Resources */ = {isa = PBXBuildFile; fileRef = 3AB9380720F29DE100048FCD /* CHANGELOG.md */; };
		3AB9380C20F29DE100048FCD /* SharkORM.podspec in Resources */ = {isa = PBXBuildFile; fileRef = 3AB9380820F29DE100048FCD /* SharkORM.podspec */; };
		3AB9380D20F29DE100048FCD /* LICENSE in Resources */ = {isa = PBXBuildFile; fileRef = 3AB9380920F29DE100048FCD /* LICENSE */; };
		3AB9381020F4A65B00048FCD /* SharkSchemaManager.h in Headers */ = {isa = PBXBuildFile; fileRef = 3AB9380E20F4A65B00048FCD /* SharkSchemaManager.h */; };
		3AB9381120F4A65B00048FCD /* SharkSchemaManager.m in Sources */ = {isa = PBXBuildFile; fileRef = 3AB9380F20F4A65B00048FCD /* SharkSchemaManager.m */; };
		3AF67EE420FB5EB10013FA97 /* SharkSyncChange.h in Headers */ = {isa = PBXBuildFile; fileRef = 3AF67EE220FB5EB10013FA97 /* SharkSyncChange.h */; };
		3AF67EE520FB5EB10013FA97 /* SharkSyncChange.m in Sources */ = {isa = PBXBuildFile; fileRef = 3AF67EE320FB5EB10013FA97 /* SharkSyncChange.m */; };
		3AF67EE820FB5FBC0013FA97 /* SharkSyncGroup.h in Headers */ = {isa = PBXBuildFile; fileRef = 3AF67EE620FB5FBC0013FA97 /* SharkSyncGroup.h */; };
		3AF67EE920FB5FBC0013FA97 /* SharkSyncGroup.m in Sources */ = {isa = PBXBuildFile; fileRef = 3AF67EE720FB5FBC0013FA97 /* SharkSyncGroup.m */; };
		3AF67EEC20FB61D60013FA97 /* SyncComms.h in Headers */ = {isa = PBXBuildFile; fileRef = 3AF67EEA20FB61D60013FA97 /* SyncComms.h */; };
		3AF67EED20FB61D60013FA97 /* SyncComms.m in Sources */ = {isa = PBXBuildFile; fileRef = 3AF67EEB20FB61D60013FA97 /* SyncComms.m */; };
		3AF67EF020FB99710013FA97 /* SyncRequest.h in Headers */ = {isa = PBXBuildFile; fileRef = 3AF67EEE20FB99710013FA97 /* SyncRequest.h */; };
		3AF67EF120FB99710013FA97 /* SyncRequest.m in Sources */ = {isa = PBXBuildFile; fileRef = 3AF67EEF20FB99710013FA97 /* SyncRequest.m */; };
		3AF67EF420FCDE9B0013FA97 /* SyncService.h in Headers */ = {isa = PBXBuildFile; fileRef = 3AF67EF220FCDE9B0013FA97 /* SyncService.h */; };
		3AF67EF520FCDE9B0013FA97 /* SyncService.m in Sources */ = {isa = PBXBuildFile; fileRef = 3AF67EF320FCDE9B0013FA97 /* SyncService.m */; };
		3AF67EF920FCDF880013FA97 /* SyncNetwork.h in Headers */ = {isa = PBXBuildFile; fileRef = 3AF67EF720FCDF880013FA97 /* SyncNetwork.h */; };
		3AF67EFA20FCDF880013FA97 /* SyncNetwork.m in Sources */ = {isa = PBXBuildFile; fileRef = 3AF67EF820FCDF880013FA97 /* SyncNetwork.m */; };
/* End PBXBuildFile section */

/* Begin PBXContainerItemProxy section */
		3A2714EC20E8632D008DE398 /* PBXContainerItemProxy */ = {
			isa = PBXContainerItemProxy;
			containerPortal = 3A71E4F820DCF65800554A4F /* Project object */;
			proxyType = 1;
			remoteGlobalIDString = 3A2175F420E230A20063B0B1;
			remoteInfo = SharkORM;
		};
/* End PBXContainerItemProxy section */

/* Begin PBXFileReference section */
		3A2175F520E230A20063B0B1 /* SharkORM.framework */ = {isa = PBXFileReference; explicitFileType = wrapper.framework; includeInIndex = 0; path = SharkORM.framework; sourceTree = BUILT_PRODUCTS_DIR; };
		3A21769420E3DE8C0063B0B1 /* SharkORMTests.xctest */ = {isa = PBXFileReference; explicitFileType = wrapper.cfbundle; includeInIndex = 0; path = SharkORMTests.xctest; sourceTree = BUILT_PRODUCTS_DIR; };
		3A21769820E3DE8C0063B0B1 /* Info.plist */ = {isa = PBXFileReference; lastKnownFileType = text.plist.xml; path = Info.plist; sourceTree = "<group>"; };
		3AB935A120F2435B00048FCD /* Foundation.framework */ = {isa = PBXFileReference; lastKnownFileType = wrapper.framework; name = Foundation.framework; path = System/Library/Frameworks/Foundation.framework; sourceTree = SDKROOT; };
		3AB9374820F29DCA00048FCD /* SharkORM.modulemap */ = {isa = PBXFileReference; fileEncoding = 4; lastKnownFileType = "sourcecode.module-map"; path = SharkORM.modulemap; sourceTree = "<group>"; };
		3AB9374A20F29DCA00048FCD /* SharkORM.m */ = {isa = PBXFileReference; fileEncoding = 4; lastKnownFileType = sourcecode.c.objc; path = SharkORM.m; sourceTree = "<group>"; };
		3AB9374B20F29DCA00048FCD /* SRKLazyLoader.m */ = {isa = PBXFileReference; fileEncoding = 4; lastKnownFileType = sourcecode.c.objc; path = SRKLazyLoader.m; sourceTree = "<group>"; };
		3AB9374D20F29DCA00048FCD /* SRKUtilities.m */ = {isa = PBXFileReference; fileEncoding = 4; lastKnownFileType = sourcecode.c.objc; path = SRKUtilities.m; sourceTree = "<group>"; };
		3AB9374E20F29DCA00048FCD /* SRKRelationship.m */ = {isa = PBXFileReference; fileEncoding = 4; lastKnownFileType = sourcecode.c.objc; path = SRKRelationship.m; sourceTree = "<group>"; };
		3AB9375020F29DCA00048FCD /* SRKJoinObject.m */ = {isa = PBXFileReference; fileEncoding = 4; lastKnownFileType = sourcecode.c.objc; path = SRKJoinObject.m; sourceTree = "<group>"; };
		3AB9375120F29DCA00048FCD /* SRKQueryProfile.m */ = {isa = PBXFileReference; fileEncoding = 4; lastKnownFileType = sourcecode.c.objc; path = SRKQueryProfile.m; sourceTree = "<group>"; };
		3AB9375220F29DCA00048FCD /* SRKJoinObject.h */ = {isa = PBXFileReference; fileEncoding = 4; lastKnownFileType = sourcecode.c.h; path = SRKJoinObject.h; sourceTree = "<group>"; };
		3AB9375320F29DCA00048FCD /* SRKQueryAsyncHandler.m */ = {isa = PBXFileReference; fileEncoding = 4; lastKnownFileType = sourcecode.c.objc; path = SRKQueryAsyncHandler.m; sourceTree = "<group>"; };
		3AB9375420F29DCA00048FCD /* SRKQuery.m */ = {isa = PBXFileReference; fileEncoding = 4; lastKnownFileType = sourcecode.c.objc; path = SRKQuery.m; sourceTree = "<group>"; };
		3AB9375520F29DCA00048FCD /* SRKSQLiteHandle.h */ = {isa = PBXFileReference; fileEncoding = 4; lastKnownFileType = sourcecode.c.h; path = SRKSQLiteHandle.h; sourceTree = "<group>"; };
		3AB9375620F29DCA00048FCD /* SRKDefinitions.h */ = {isa = PBXFileReference; fileEncoding = 4; lastKnownFileType = sourcecode.c.h; path = SRKDefinitions.h; sourceTree = "<group>"; };
		3AB9375720F29DCA00048FCD /* SRKGlobals.m */ = {isa = PBXFileReference; fileEncoding = 4; lastKnownFileType = sourcecode.c.objc; path = SRKGlobals.m; sourceTree = "<group>"; };
		3AB9375820F29DCA00048FCD /* SRKError.m */ = {isa = PBXFileReference; fileEncoding = 4; lastKnownFileType = sourcecode.c.objc; path = SRKError.m; sourceTree = "<group>"; };
		3AB9375920F29DCA00048FCD /* SRKSettings.m */ = {isa = PBXFileReference; fileEncoding = 4; lastKnownFileType = sourcecode.c.objc; path = SRKSettings.m; sourceTree = "<group>"; };
		3AB9375B20F29DCA00048FCD /* SRKContext.m */ = {isa = PBXFileReference; fileEncoding = 4; lastKnownFileType = sourcecode.c.objc; path = SRKContext.m; sourceTree = "<group>"; };
		3AB9375C20F29DCA00048FCD /* SRKTransactionInfo.m */ = {isa = PBXFileReference; fileEncoding = 4; lastKnownFileType = sourcecode.c.objc; path = SRKTransactionInfo.m; sourceTree = "<group>"; };
		3AB9375D20F29DCA00048FCD /* SRKContext.h */ = {isa = PBXFileReference; fileEncoding = 4; lastKnownFileType = sourcecode.c.h; path = SRKContext.h; sourceTree = "<group>"; };
		3AB9375E20F29DCA00048FCD /* SRKTransaction.m */ = {isa = PBXFileReference; fileEncoding = 4; lastKnownFileType = sourcecode.c.objc; path = SRKTransaction.m; sourceTree = "<group>"; };
		3AB9375F20F29DCA00048FCD /* SRKTransactionInfo.h */ = {isa = PBXFileReference; fileEncoding = 4; lastKnownFileType = sourcecode.c.h; path = SRKTransactionInfo.h; sourceTree = "<group>"; };
		3AB9376020F29DCA00048FCD /* SRKLazyLoader.h */ = {isa = PBXFileReference; fileEncoding = 4; lastKnownFileType = sourcecode.c.h; path = SRKLazyLoader.h; sourceTree = "<group>"; };
		3AB9376120F29DCA00048FCD /* SRKUtilities.h */ = {isa = PBXFileReference; fileEncoding = 4; lastKnownFileType = sourcecode.c.h; path = SRKUtilities.h; sourceTree = "<group>"; };
		3AB9376320F29DCA00048FCD /* SRKEncryptedObject.m */ = {isa = PBXFileReference; fileEncoding = 4; lastKnownFileType = sourcecode.c.objc; path = SRKEncryptedObject.m; sourceTree = "<group>"; };
		3AB9376420F29DCA00048FCD /* SRKEntityChain.m */ = {isa = PBXFileReference; fileEncoding = 4; lastKnownFileType = sourcecode.c.objc; path = SRKEntityChain.m; sourceTree = "<group>"; };
		3AB9376520F29DCA00048FCD /* SRKRawResults.m */ = {isa = PBXFileReference; fileEncoding = 4; lastKnownFileType = sourcecode.c.objc; path = SRKRawResults.m; sourceTree = "<group>"; };
		3AB9376620F29DCA00048FCD /* SRKCommitOptions.m */ = {isa = PBXFileReference; fileEncoding = 4; lastKnownFileType = sourcecode.c.objc; path = SRKCommitOptions.m; sourceTree = "<group>"; };
		3AB9376720F29DCA00048FCD /* SRKResultSet.m */ = {isa = PBXFileReference; fileEncoding = 4; lastKnownFileType = sourcecode.c.objc; path = SRKResultSet.m; sourceTree = "<group>"; };
		3AB9376820F29DCA00048FCD /* SRKStringObject.m */ = {isa = PBXFileReference; fileEncoding = 4; lastKnownFileType = sourcecode.c.objc; path = SRKStringObject.m; sourceTree = "<group>"; };
		3AB9376920F29DCA00048FCD /* SRKUnsupportedObject.h */ = {isa = PBXFileReference; fileEncoding = 4; lastKnownFileType = sourcecode.c.h; path = SRKUnsupportedObject.h; sourceTree = "<group>"; };
		3AB9376A20F29DCA00048FCD /* SRKAES256Extension.m */ = {isa = PBXFileReference; fileEncoding = 4; lastKnownFileType = sourcecode.c.objc; path = SRKAES256Extension.m; sourceTree = "<group>"; };
		3AB9376B20F29DCA00048FCD /* SRKEntityChain.h */ = {isa = PBXFileReference; fileEncoding = 4; lastKnownFileType = sourcecode.c.h; path = SRKEntityChain.h; sourceTree = "<group>"; };
		3AB9376C20F29DCA00048FCD /* SRKEncryptedObject.h */ = {isa = PBXFileReference; fileEncoding = 4; lastKnownFileType = sourcecode.c.h; path = SRKEncryptedObject.h; sourceTree = "<group>"; };
		3AB9376D20F29DCA00048FCD /* SRKUnsupportedObject.m */ = {isa = PBXFileReference; fileEncoding = 4; lastKnownFileType = sourcecode.c.objc; path = SRKUnsupportedObject.m; sourceTree = "<group>"; };
		3AB9376E20F29DCA00048FCD /* SRKEntity.m */ = {isa = PBXFileReference; fileEncoding = 4; lastKnownFileType = sourcecode.c.objc; path = SRKEntity.m; sourceTree = "<group>"; };
		3AB9376F20F29DCA00048FCD /* SRKObject.m */ = {isa = PBXFileReference; fileEncoding = 4; lastKnownFileType = sourcecode.c.objc; path = SRKObject.m; sourceTree = "<group>"; };
		3AB9377020F29DCA00048FCD /* SRKAES256Extension.h */ = {isa = PBXFileReference; fileEncoding = 4; lastKnownFileType = sourcecode.c.h; path = SRKAES256Extension.h; sourceTree = "<group>"; };
		3AB9377220F29DCA00048FCD /* SRKRegistry.h */ = {isa = PBXFileReference; fileEncoding = 4; lastKnownFileType = sourcecode.c.h; path = SRKRegistry.h; sourceTree = "<group>"; };
		3AB9377320F29DCA00048FCD /* SRKRegistryEntry.h */ = {isa = PBXFileReference; fileEncoding = 4; lastKnownFileType = sourcecode.c.h; path = SRKRegistryEntry.h; sourceTree = "<group>"; };
		3AB9377420F29DCA00048FCD /* SRKRegistryEntry.m */ = {isa = PBXFileReference; fileEncoding = 4; lastKnownFileType = sourcecode.c.objc; path = SRKRegistryEntry.m; sourceTree = "<group>"; };
		3AB9377520F29DCA00048FCD /* SRKRegistry.m */ = {isa = PBXFileReference; fileEncoding = 4; lastKnownFileType = sourcecode.c.objc; path = SRKRegistry.m; sourceTree = "<group>"; };
		3AB9377620F29DCA00048FCD /* SRKRelationship.h */ = {isa = PBXFileReference; fileEncoding = 4; lastKnownFileType = sourcecode.c.h; path = SRKRelationship.h; sourceTree = "<group>"; };
		3AB9377820F29DCA00048FCD /* SRKCompoundIndex.m */ = {isa = PBXFileReference; fileEncoding = 4; lastKnownFileType = sourcecode.c.objc; path = SRKCompoundIndex.m; sourceTree = "<group>"; };
		3AB9377920F29DCA00048FCD /* SRKIndexProperty.m */ = {isa = PBXFileReference; fileEncoding = 4; lastKnownFileType = sourcecode.c.objc; path = SRKIndexProperty.m; sourceTree = "<group>"; };
		3AB9377A20F29DCA00048FCD /* SRKIndexDefinition.m */ = {isa = PBXFileReference; fileEncoding = 4; lastKnownFileType = sourcecode.c.objc; path = SRKIndexDefinition.m; sourceTree = "<group>"; };
		3AB9377C20F29DCA00048FCD /* SRKEventHandler.m */ = {isa = PBXFileReference; fileEncoding = 4; lastKnownFileType = sourcecode.c.objc; path = SRKEventHandler.m; sourceTree = "<group>"; };
		3AB9377D20F29DCA00048FCD /* SRKEventRegistryObject.m */ = {isa = PBXFileReference; fileEncoding = 4; lastKnownFileType = sourcecode.c.objc; path = SRKEventRegistryObject.m; sourceTree = "<group>"; };
		3AB9377E20F29DCA00048FCD /* SRKEventBlockHolder.h */ = {isa = PBXFileReference; fileEncoding = 4; lastKnownFileType = sourcecode.c.h; path = SRKEventBlockHolder.h; sourceTree = "<group>"; };
		3AB9377F20F29DCA00048FCD /* SRKEventRegistryObject.h */ = {isa = PBXFileReference; fileEncoding = 4; lastKnownFileType = sourcecode.c.h; path = SRKEventRegistryObject.h; sourceTree = "<group>"; };
		3AB9378020F29DCA00048FCD /* SRKEvent.m */ = {isa = PBXFileReference; fileEncoding = 4; lastKnownFileType = sourcecode.c.objc; path = SRKEvent.m; sourceTree = "<group>"; };
		3AB9378120F29DCA00048FCD /* SRKEventBlockHolder.m */ = {isa = PBXFileReference; fileEncoding = 4; lastKnownFileType = sourcecode.c.objc; path = SRKEventBlockHolder.m; sourceTree = "<group>"; };
		3AB9378220F29DCA00048FCD /* SRKGlobals.h */ = {isa = PBXFileReference; fileEncoding = 4; lastKnownFileType = sourcecode.c.h; path = SRKGlobals.h; sourceTree = "<group>"; };
		3AB9378320F29DCA00048FCD /* SRKSQLiteHandle.m */ = {isa = PBXFileReference; fileEncoding = 4; lastKnownFileType = sourcecode.c.objc; path = SRKSQLiteHandle.m; sourceTree = "<group>"; };
		3AB9378520F29DCA00048FCD /* sqlite3.c */ = {isa = PBXFileReference; fileEncoding = 4; lastKnownFileType = sourcecode.c.c; path = sqlite3.c; sourceTree = "<group>"; };
		3AB9378620F29DCA00048FCD /* sqlite mods.txt */ = {isa = PBXFileReference; fileEncoding = 4; lastKnownFileType = text; path = "sqlite mods.txt"; sourceTree = "<group>"; };
		3AB9378720F29DCA00048FCD /* sqlite3.h */ = {isa = PBXFileReference; fileEncoding = 4; lastKnownFileType = sourcecode.c.h; path = sqlite3.h; sourceTree = "<group>"; };
		3AB9378820F29DCA00048FCD /* sqlite3ext.h */ = {isa = PBXFileReference; fileEncoding = 4; lastKnownFileType = sourcecode.c.h; path = sqlite3ext.h; sourceTree = "<group>"; };
		3AB9378920F29DCA00048FCD /* SharkORM.h */ = {isa = PBXFileReference; fileEncoding = 4; lastKnownFileType = sourcecode.c.h; path = SharkORM.h; sourceTree = "<group>"; };
		3AB9378B20F29DCA00048FCD /* SRKTransaction+Private.h */ = {isa = PBXFileReference; fileEncoding = 4; lastKnownFileType = sourcecode.c.h; path = "SRKTransaction+Private.h"; sourceTree = "<group>"; };
		3AB9378C20F29DCA00048FCD /* SRKIndexDefinition+Private.h */ = {isa = PBXFileReference; fileEncoding = 4; lastKnownFileType = sourcecode.c.h; path = "SRKIndexDefinition+Private.h"; sourceTree = "<group>"; };
		3AB9378D20F29DCA00048FCD /* SRKCommitOptions+Private.h */ = {isa = PBXFileReference; fileEncoding = 4; lastKnownFileType = sourcecode.c.h; path = "SRKCommitOptions+Private.h"; sourceTree = "<group>"; };
		3AB9378E20F29DCA00048FCD /* SRKResultSet+Private.h */ = {isa = PBXFileReference; fileEncoding = 4; lastKnownFileType = sourcecode.c.h; path = "SRKResultSet+Private.h"; sourceTree = "<group>"; };
		3AB9378F20F29DCA00048FCD /* SRKEntity+Private.h */ = {isa = PBXFileReference; fileEncoding = 4; lastKnownFileType = sourcecode.c.h; path = "SRKEntity+Private.h"; sourceTree = "<group>"; };
		3AB9379020F29DCA00048FCD /* SRKCompoundIndex+Private.h */ = {isa = PBXFileReference; fileEncoding = 4; lastKnownFileType = sourcecode.c.h; path = "SRKCompoundIndex+Private.h"; sourceTree = "<group>"; };
		3AB9379120F29DCA00048FCD /* SharkORM+Private.h */ = {isa = PBXFileReference; fileEncoding = 4; lastKnownFileType = sourcecode.c.h; path = "SharkORM+Private.h"; sourceTree = "<group>"; };
		3AB9379220F29DCA00048FCD /* SRKEventHandler+Private.h */ = {isa = PBXFileReference; fileEncoding = 4; lastKnownFileType = sourcecode.c.h; path = "SRKEventHandler+Private.h"; sourceTree = "<group>"; };
		3AB9379320F29DCA00048FCD /* SRKQuery+Private.h */ = {isa = PBXFileReference; fileEncoding = 4; lastKnownFileType = sourcecode.c.h; path = "SRKQuery+Private.h"; sourceTree = "<group>"; };
		3AB9379420F29DCA00048FCD /* SRKQueryAsyncHandler+Private.h */ = {isa = PBXFileReference; fileEncoding = 4; lastKnownFileType = sourcecode.c.h; path = "SRKQueryAsyncHandler+Private.h"; sourceTree = "<group>"; };
		3AB9379620F29DCA00048FCD /* SharkSync+Private.h */ = {isa = PBXFileReference; fileEncoding = 4; lastKnownFileType = sourcecode.c.h; path = "SharkSync+Private.h"; sourceTree = "<group>"; };
		3AB9379720F29DCA00048FCD /* SRKSyncRegisteredClass.h */ = {isa = PBXFileReference; fileEncoding = 4; lastKnownFileType = sourcecode.c.h; path = SRKSyncRegisteredClass.h; sourceTree = "<group>"; };
		3AB9379820F29DCA00048FCD /* SRKSyncObject.m */ = {isa = PBXFileReference; fileEncoding = 4; lastKnownFileType = sourcecode.c.objc; path = SRKSyncObject.m; sourceTree = "<group>"; };
		3AB9379A20F29DCA00048FCD /* SRKDeferredChange.m */ = {isa = PBXFileReference; fileEncoding = 4; lastKnownFileType = sourcecode.c.objc; path = SRKDeferredChange.m; sourceTree = "<group>"; };
		3AB9379B20F29DCA00048FCD /* SRKDefunctObject.h */ = {isa = PBXFileReference; fileEncoding = 4; lastKnownFileType = sourcecode.c.h; path = SRKDefunctObject.h; sourceTree = "<group>"; };
		3AB9379C20F29DCA00048FCD /* SRKSyncOptions.m */ = {isa = PBXFileReference; fileEncoding = 4; lastKnownFileType = sourcecode.c.objc; path = SRKSyncOptions.m; sourceTree = "<group>"; };
		3AB9379F20F29DCA00048FCD /* SRKSyncNodesList.m */ = {isa = PBXFileReference; fileEncoding = 4; lastKnownFileType = sourcecode.c.objc; path = SRKSyncNodesList.m; sourceTree = "<group>"; };
		3AB937A220F29DCA00048FCD /* SRKSyncNodesList.h */ = {isa = PBXFileReference; fileEncoding = 4; lastKnownFileType = sourcecode.c.h; path = SRKSyncNodesList.h; sourceTree = "<group>"; };
		3AB937A420F29DCA00048FCD /* SRKSyncRegisteredClass.m */ = {isa = PBXFileReference; fileEncoding = 4; lastKnownFileType = sourcecode.c.objc; path = SRKSyncRegisteredClass.m; sourceTree = "<group>"; };
		3AB937A520F29DCA00048FCD /* SharkSync.m */ = {isa = PBXFileReference; fileEncoding = 4; lastKnownFileType = sourcecode.c.objc; path = SharkSync.m; sourceTree = "<group>"; };
		3AB937A620F29DCA00048FCD /* SRKDeferredChange.h */ = {isa = PBXFileReference; fileEncoding = 4; lastKnownFileType = sourcecode.c.h; path = SRKDeferredChange.h; sourceTree = "<group>"; };
		3AB937A820F29DCA00048FCD /* SRKSyncOptions.h */ = {isa = PBXFileReference; fileEncoding = 4; lastKnownFileType = sourcecode.c.h; path = SRKSyncOptions.h; sourceTree = "<group>"; };
		3AB937A920F29DCA00048FCD /* SRKDefunctObject.m */ = {isa = PBXFileReference; fileEncoding = 4; lastKnownFileType = sourcecode.c.objc; path = SRKDefunctObject.m; sourceTree = "<group>"; };
		3AB937AB20F29DCA00048FCD /* SRKSyncObject+Private.h */ = {isa = PBXFileReference; fileEncoding = 4; lastKnownFileType = sourcecode.c.h; path = "SRKSyncObject+Private.h"; sourceTree = "<group>"; };
		3AB937AC20F29DCA00048FCD /* Info.plist */ = {isa = PBXFileReference; fileEncoding = 4; lastKnownFileType = text.plist.xml; path = Info.plist; sourceTree = "<group>"; };
		3AB9380620F29DE100048FCD /* README.md */ = {isa = PBXFileReference; fileEncoding = 4; lastKnownFileType = net.daringfireball.markdown; path = README.md; sourceTree = "<group>"; };
		3AB9380720F29DE100048FCD /* CHANGELOG.md */ = {isa = PBXFileReference; fileEncoding = 4; lastKnownFileType = net.daringfireball.markdown; path = CHANGELOG.md; sourceTree = "<group>"; };
		3AB9380820F29DE100048FCD /* SharkORM.podspec */ = {isa = PBXFileReference; fileEncoding = 4; lastKnownFileType = text; path = SharkORM.podspec; sourceTree = "<group>"; };
		3AB9380920F29DE100048FCD /* LICENSE */ = {isa = PBXFileReference; fileEncoding = 4; lastKnownFileType = text; path = LICENSE; sourceTree = "<group>"; };
		3AB9380E20F4A65B00048FCD /* SharkSchemaManager.h */ = {isa = PBXFileReference; lastKnownFileType = sourcecode.c.h; path = SharkSchemaManager.h; sourceTree = "<group>"; };
		3AB9380F20F4A65B00048FCD /* SharkSchemaManager.m */ = {isa = PBXFileReference; lastKnownFileType = sourcecode.c.objc; path = SharkSchemaManager.m; sourceTree = "<group>"; };
		3AF67EE220FB5EB10013FA97 /* SharkSyncChange.h */ = {isa = PBXFileReference; lastKnownFileType = sourcecode.c.h; path = SharkSyncChange.h; sourceTree = "<group>"; };
		3AF67EE320FB5EB10013FA97 /* SharkSyncChange.m */ = {isa = PBXFileReference; lastKnownFileType = sourcecode.c.objc; path = SharkSyncChange.m; sourceTree = "<group>"; };
		3AF67EE620FB5FBC0013FA97 /* SharkSyncGroup.h */ = {isa = PBXFileReference; lastKnownFileType = sourcecode.c.h; path = SharkSyncGroup.h; sourceTree = "<group>"; };
		3AF67EE720FB5FBC0013FA97 /* SharkSyncGroup.m */ = {isa = PBXFileReference; lastKnownFileType = sourcecode.c.objc; path = SharkSyncGroup.m; sourceTree = "<group>"; };
		3AF67EEA20FB61D60013FA97 /* SyncComms.h */ = {isa = PBXFileReference; lastKnownFileType = sourcecode.c.h; name = SyncComms.h; path = Comms/SyncComms.h; sourceTree = "<group>"; };
		3AF67EEB20FB61D60013FA97 /* SyncComms.m */ = {isa = PBXFileReference; lastKnownFileType = sourcecode.c.objc; name = SyncComms.m; path = Comms/SyncComms.m; sourceTree = "<group>"; };
		3AF67EEE20FB99710013FA97 /* SyncRequest.h */ = {isa = PBXFileReference; lastKnownFileType = sourcecode.c.h; path = SyncRequest.h; sourceTree = "<group>"; };
		3AF67EEF20FB99710013FA97 /* SyncRequest.m */ = {isa = PBXFileReference; lastKnownFileType = sourcecode.c.objc; path = SyncRequest.m; sourceTree = "<group>"; };
		3AF67EF220FCDE9B0013FA97 /* SyncService.h */ = {isa = PBXFileReference; lastKnownFileType = sourcecode.c.h; path = SyncService.h; sourceTree = "<group>"; };
		3AF67EF320FCDE9B0013FA97 /* SyncService.m */ = {isa = PBXFileReference; lastKnownFileType = sourcecode.c.objc; path = SyncService.m; sourceTree = "<group>"; };
		3AF67EF720FCDF880013FA97 /* SyncNetwork.h */ = {isa = PBXFileReference; lastKnownFileType = sourcecode.c.h; path = SyncNetwork.h; sourceTree = "<group>"; };
		3AF67EF820FCDF880013FA97 /* SyncNetwork.m */ = {isa = PBXFileReference; lastKnownFileType = sourcecode.c.objc; path = SyncNetwork.m; sourceTree = "<group>"; };
/* End PBXFileReference section */

/* Begin PBXFrameworksBuildPhase section */
		3A2175F120E230A20063B0B1 /* Frameworks */ = {
			isa = PBXFrameworksBuildPhase;
			buildActionMask = 2147483647;
			files = (
				3AB935A220F2435B00048FCD /* Foundation.framework in Frameworks */,
			);
			runOnlyForDeploymentPostprocessing = 0;
		};
		3A21769120E3DE8C0063B0B1 /* Frameworks */ = {
			isa = PBXFrameworksBuildPhase;
			buildActionMask = 2147483647;
			files = (
				3A2714EE20E86342008DE398 /* SharkORM.framework in Frameworks */,
			);
			runOnlyForDeploymentPostprocessing = 0;
		};
/* End PBXFrameworksBuildPhase section */

/* Begin PBXGroup section */
		3A2175FD20E230E30063B0B1 /* Frameworks */ = {
			isa = PBXGroup;
			children = (
				3AB935A120F2435B00048FCD /* Foundation.framework */,
			);
			name = Frameworks;
			sourceTree = "<group>";
		};
		3A21769520E3DE8C0063B0B1 /* SharkORMTests */ = {
			isa = PBXGroup;
			children = (
				3A21769820E3DE8C0063B0B1 /* Info.plist */,
			);
			path = SharkORMTests;
			sourceTree = "<group>";
		};
		3A71E4F720DCF65800554A4F = {
			isa = PBXGroup;
			children = (
				3AB9380720F29DE100048FCD /* CHANGELOG.md */,
				3AB9380920F29DE100048FCD /* LICENSE */,
				3AB9380620F29DE100048FCD /* README.md */,
				3AB9380820F29DE100048FCD /* SharkORM.podspec */,
				3AB9374720F29DCA00048FCD /* SharkORM */,
				3A21769520E3DE8C0063B0B1 /* SharkORMTests */,
				3A71E50120DCF65800554A4F /* Products */,
				3A2175FD20E230E30063B0B1 /* Frameworks */,
			);
			sourceTree = "<group>";
		};
		3A71E50120DCF65800554A4F /* Products */ = {
			isa = PBXGroup;
			children = (
				3A2175F520E230A20063B0B1 /* SharkORM.framework */,
				3A21769420E3DE8C0063B0B1 /* SharkORMTests.xctest */,
			);
			name = Products;
			sourceTree = "<group>";
		};
		3AB9374720F29DCA00048FCD /* SharkORM */ = {
			isa = PBXGroup;
			children = (
				3AB9374820F29DCA00048FCD /* SharkORM.modulemap */,
				3AB9374920F29DCA00048FCD /* Core */,
				3AB9378420F29DCA00048FCD /* SQLite */,
				3AB9378920F29DCA00048FCD /* SharkORM.h */,
				3AB9378A20F29DCA00048FCD /* Private */,
				3AB9379520F29DCA00048FCD /* Sync */,
				3AB937AC20F29DCA00048FCD /* Info.plist */,
			);
			path = SharkORM;
			sourceTree = "<group>";
		};
		3AB9374920F29DCA00048FCD /* Core */ = {
			isa = PBXGroup;
			children = (
				3AB9374A20F29DCA00048FCD /* SharkORM.m */,
				3AB9374B20F29DCA00048FCD /* SRKLazyLoader.m */,
				3AB9374D20F29DCA00048FCD /* SRKUtilities.m */,
				3AB9374E20F29DCA00048FCD /* SRKRelationship.m */,
				3AB9374F20F29DCA00048FCD /* Queries */,
				3AB9375520F29DCA00048FCD /* SRKSQLiteHandle.h */,
				3AB9375620F29DCA00048FCD /* SRKDefinitions.h */,
				3AB9375720F29DCA00048FCD /* SRKGlobals.m */,
				3AB9375820F29DCA00048FCD /* SRKError.m */,
				3AB9375920F29DCA00048FCD /* SRKSettings.m */,
				3AB9375A20F29DCA00048FCD /* Transactions */,
				3AB9376020F29DCA00048FCD /* SRKLazyLoader.h */,
				3AB9376120F29DCA00048FCD /* SRKUtilities.h */,
				3AB9376220F29DCA00048FCD /* PersistableObjects */,
				3AB9377120F29DCA00048FCD /* Registry */,
				3AB9377620F29DCA00048FCD /* SRKRelationship.h */,
				3AB9377720F29DCA00048FCD /* Indexing */,
				3AB9377B20F29DCA00048FCD /* Events */,
				3AB9378220F29DCA00048FCD /* SRKGlobals.h */,
				3AB9378320F29DCA00048FCD /* SRKSQLiteHandle.m */,
				3AB9380E20F4A65B00048FCD /* SharkSchemaManager.h */,
				3AB9380F20F4A65B00048FCD /* SharkSchemaManager.m */,
			);
			path = Core;
			sourceTree = "<group>";
		};
		3AB9374F20F29DCA00048FCD /* Queries */ = {
			isa = PBXGroup;
			children = (
				3AB9375020F29DCA00048FCD /* SRKJoinObject.m */,
				3AB9375120F29DCA00048FCD /* SRKQueryProfile.m */,
				3AB9375220F29DCA00048FCD /* SRKJoinObject.h */,
				3AB9375320F29DCA00048FCD /* SRKQueryAsyncHandler.m */,
				3AB9375420F29DCA00048FCD /* SRKQuery.m */,
			);
			path = Queries;
			sourceTree = "<group>";
		};
		3AB9375A20F29DCA00048FCD /* Transactions */ = {
			isa = PBXGroup;
			children = (
				3AB9375B20F29DCA00048FCD /* SRKContext.m */,
				3AB9375C20F29DCA00048FCD /* SRKTransactionInfo.m */,
				3AB9375D20F29DCA00048FCD /* SRKContext.h */,
				3AB9375E20F29DCA00048FCD /* SRKTransaction.m */,
				3AB9375F20F29DCA00048FCD /* SRKTransactionInfo.h */,
			);
			path = Transactions;
			sourceTree = "<group>";
		};
		3AB9376220F29DCA00048FCD /* PersistableObjects */ = {
			isa = PBXGroup;
			children = (
				3AB9376320F29DCA00048FCD /* SRKEncryptedObject.m */,
				3AB9376420F29DCA00048FCD /* SRKEntityChain.m */,
				3AB9376520F29DCA00048FCD /* SRKRawResults.m */,
				3AB9376620F29DCA00048FCD /* SRKCommitOptions.m */,
				3AB9376720F29DCA00048FCD /* SRKResultSet.m */,
				3AB9376820F29DCA00048FCD /* SRKStringObject.m */,
				3AB9376920F29DCA00048FCD /* SRKUnsupportedObject.h */,
				3AB9376A20F29DCA00048FCD /* SRKAES256Extension.m */,
				3AB9376B20F29DCA00048FCD /* SRKEntityChain.h */,
				3AB9376C20F29DCA00048FCD /* SRKEncryptedObject.h */,
				3AB9376D20F29DCA00048FCD /* SRKUnsupportedObject.m */,
				3AB9376E20F29DCA00048FCD /* SRKEntity.m */,
				3AB9376F20F29DCA00048FCD /* SRKObject.m */,
				3AB9377020F29DCA00048FCD /* SRKAES256Extension.h */,
			);
			path = PersistableObjects;
			sourceTree = "<group>";
		};
		3AB9377120F29DCA00048FCD /* Registry */ = {
			isa = PBXGroup;
			children = (
				3AB9377220F29DCA00048FCD /* SRKRegistry.h */,
				3AB9377320F29DCA00048FCD /* SRKRegistryEntry.h */,
				3AB9377420F29DCA00048FCD /* SRKRegistryEntry.m */,
				3AB9377520F29DCA00048FCD /* SRKRegistry.m */,
			);
			path = Registry;
			sourceTree = "<group>";
		};
		3AB9377720F29DCA00048FCD /* Indexing */ = {
			isa = PBXGroup;
			children = (
				3AB9377820F29DCA00048FCD /* SRKCompoundIndex.m */,
				3AB9377920F29DCA00048FCD /* SRKIndexProperty.m */,
				3AB9377A20F29DCA00048FCD /* SRKIndexDefinition.m */,
			);
			path = Indexing;
			sourceTree = "<group>";
		};
		3AB9377B20F29DCA00048FCD /* Events */ = {
			isa = PBXGroup;
			children = (
				3AB9377C20F29DCA00048FCD /* SRKEventHandler.m */,
				3AB9377D20F29DCA00048FCD /* SRKEventRegistryObject.m */,
				3AB9377E20F29DCA00048FCD /* SRKEventBlockHolder.h */,
				3AB9377F20F29DCA00048FCD /* SRKEventRegistryObject.h */,
				3AB9378020F29DCA00048FCD /* SRKEvent.m */,
				3AB9378120F29DCA00048FCD /* SRKEventBlockHolder.m */,
			);
			path = Events;
			sourceTree = "<group>";
		};
		3AB9378420F29DCA00048FCD /* SQLite */ = {
			isa = PBXGroup;
			children = (
				3AB9378520F29DCA00048FCD /* sqlite3.c */,
				3AB9378620F29DCA00048FCD /* sqlite mods.txt */,
				3AB9378720F29DCA00048FCD /* sqlite3.h */,
				3AB9378820F29DCA00048FCD /* sqlite3ext.h */,
			);
			path = SQLite;
			sourceTree = "<group>";
		};
		3AB9378A20F29DCA00048FCD /* Private */ = {
			isa = PBXGroup;
			children = (
				3AB9378B20F29DCA00048FCD /* SRKTransaction+Private.h */,
				3AB9378C20F29DCA00048FCD /* SRKIndexDefinition+Private.h */,
				3AB9378D20F29DCA00048FCD /* SRKCommitOptions+Private.h */,
				3AB9378E20F29DCA00048FCD /* SRKResultSet+Private.h */,
				3AB9378F20F29DCA00048FCD /* SRKEntity+Private.h */,
				3AB9379020F29DCA00048FCD /* SRKCompoundIndex+Private.h */,
				3AB9379120F29DCA00048FCD /* SharkORM+Private.h */,
				3AB9379220F29DCA00048FCD /* SRKEventHandler+Private.h */,
				3AB9379320F29DCA00048FCD /* SRKQuery+Private.h */,
				3AB9379420F29DCA00048FCD /* SRKQueryAsyncHandler+Private.h */,
			);
			path = Private;
			sourceTree = "<group>";
		};
		3AB9379520F29DCA00048FCD /* Sync */ = {
			isa = PBXGroup;
			children = (
				3AB9379620F29DCA00048FCD /* SharkSync+Private.h */,
				3AB9379720F29DCA00048FCD /* SRKSyncRegisteredClass.h */,
				3AB9379820F29DCA00048FCD /* SRKSyncObject.m */,
				3AB9379A20F29DCA00048FCD /* SRKDeferredChange.m */,
				3AB9379B20F29DCA00048FCD /* SRKDefunctObject.h */,
				3AB9379C20F29DCA00048FCD /* SRKSyncOptions.m */,
				3AB9379D20F29DCA00048FCD /* Comms */,
				3AB937A420F29DCA00048FCD /* SRKSyncRegisteredClass.m */,
				3AB937A520F29DCA00048FCD /* SharkSync.m */,
				3AB937A620F29DCA00048FCD /* SRKDeferredChange.h */,
				3AB937A820F29DCA00048FCD /* SRKSyncOptions.h */,
				3AB937A920F29DCA00048FCD /* SRKDefunctObject.m */,
				3AB937AB20F29DCA00048FCD /* SRKSyncObject+Private.h */,
				3AF67EE220FB5EB10013FA97 /* SharkSyncChange.h */,
				3AF67EE320FB5EB10013FA97 /* SharkSyncChange.m */,
				3AF67EE620FB5FBC0013FA97 /* SharkSyncGroup.h */,
				3AF67EE720FB5FBC0013FA97 /* SharkSyncGroup.m */,
				3AF67EEA20FB61D60013FA97 /* SyncComms.h */,
				3AF67EEB20FB61D60013FA97 /* SyncComms.m */,
			);
			path = Sync;
			sourceTree = "<group>";
		};
		3AB9379D20F29DCA00048FCD /* Comms */ = {
			isa = PBXGroup;
			children = (
				3AB9379F20F29DCA00048FCD /* SRKSyncNodesList.m */,
				3AB937A220F29DCA00048FCD /* SRKSyncNodesList.h */,
				3AF67EEE20FB99710013FA97 /* SyncRequest.h */,
				3AF67EEF20FB99710013FA97 /* SyncRequest.m */,
				3AF67EF220FCDE9B0013FA97 /* SyncService.h */,
				3AF67EF320FCDE9B0013FA97 /* SyncService.m */,
				3AF67EF720FCDF880013FA97 /* SyncNetwork.h */,
				3AF67EF820FCDF880013FA97 /* SyncNetwork.m */,
			);
			path = Comms;
			sourceTree = "<group>";
		};
/* End PBXGroup section */

/* Begin PBXHeadersBuildPhase section */
		3A2175F220E230A20063B0B1 /* Headers */ = {
			isa = PBXHeadersBuildPhase;
			buildActionMask = 2147483647;
			files = (
				3AB937E520F29DCA00048FCD /* SharkORM.h in Headers */,
				3AB9381020F4A65B00048FCD /* SharkSchemaManager.h in Headers */,
				3AF67EF020FB99710013FA97 /* SyncRequest.h in Headers */,
				3AB937E320F29DCA00048FCD /* sqlite3.h in Headers */,
				3AB937B820F29DCA00048FCD /* SRKDefinitions.h in Headers */,
				3AB937E720F29DCA00048FCD /* SRKIndexDefinition+Private.h in Headers */,
				3AB937FF20F29DCA00048FCD /* SRKDeferredChange.h in Headers */,
				3AB937F520F29DCA00048FCD /* SRKDefunctObject.h in Headers */,
				3AB937C020F29DCA00048FCD /* SRKTransactionInfo.h in Headers */,
				3AB937E620F29DCA00048FCD /* SRKTransaction+Private.h in Headers */,
				3AB937DF20F29DCA00048FCD /* SRKGlobals.h in Headers */,
				3AB937EC20F29DCA00048FCD /* SharkORM+Private.h in Headers */,
				3AB937CB20F29DCA00048FCD /* SRKEntityChain.h in Headers */,
				3AB937F020F29DCA00048FCD /* SharkSync+Private.h in Headers */,
				3AB937EA20F29DCA00048FCD /* SRKEntity+Private.h in Headers */,
				3AB9380420F29DCA00048FCD /* SRKSyncObject+Private.h in Headers */,
				3AB937DC20F29DCA00048FCD /* SRKEventRegistryObject.h in Headers */,
				3AB937D220F29DCA00048FCD /* SRKRegistryEntry.h in Headers */,
				3AB9380120F29DCA00048FCD /* SRKSyncOptions.h in Headers */,
				3AB937EE20F29DCA00048FCD /* SRKQuery+Private.h in Headers */,
				3AB937DB20F29DCA00048FCD /* SRKEventBlockHolder.h in Headers */,
				3AB937C220F29DCA00048FCD /* SRKUtilities.h in Headers */,
				3AB937EF20F29DCA00048FCD /* SRKQueryAsyncHandler+Private.h in Headers */,
				3AB937D020F29DCA00048FCD /* SRKAES256Extension.h in Headers */,
				3AB937E420F29DCA00048FCD /* sqlite3ext.h in Headers */,
				3AF67EF420FCDE9B0013FA97 /* SyncService.h in Headers */,
				3AF67EF920FCDF880013FA97 /* SyncNetwork.h in Headers */,
				3AB937B420F29DCA00048FCD /* SRKJoinObject.h in Headers */,
				3AF67EE820FB5FBC0013FA97 /* SharkSyncGroup.h in Headers */,
				3AB937B720F29DCA00048FCD /* SRKSQLiteHandle.h in Headers */,
				3AB937ED20F29DCA00048FCD /* SRKEventHandler+Private.h in Headers */,
				3AB937FB20F29DCA00048FCD /* SRKSyncNodesList.h in Headers */,
				3AB937E820F29DCA00048FCD /* SRKCommitOptions+Private.h in Headers */,
				3AB937CC20F29DCA00048FCD /* SRKEncryptedObject.h in Headers */,
				3AB937C920F29DCA00048FCD /* SRKUnsupportedObject.h in Headers */,
				3AF67EE420FB5EB10013FA97 /* SharkSyncChange.h in Headers */,
				3AB937D120F29DCA00048FCD /* SRKRegistry.h in Headers */,
				3AB937EB20F29DCA00048FCD /* SRKCompoundIndex+Private.h in Headers */,
				3AB937C120F29DCA00048FCD /* SRKLazyLoader.h in Headers */,
				3AB937BE20F29DCA00048FCD /* SRKContext.h in Headers */,
				3AB937E920F29DCA00048FCD /* SRKResultSet+Private.h in Headers */,
				3AB937D520F29DCA00048FCD /* SRKRelationship.h in Headers */,
				3AF67EEC20FB61D60013FA97 /* SyncComms.h in Headers */,
				3AB937F120F29DCA00048FCD /* SRKSyncRegisteredClass.h in Headers */,
			);
			runOnlyForDeploymentPostprocessing = 0;
		};
/* End PBXHeadersBuildPhase section */

/* Begin PBXNativeTarget section */
		3A2175F420E230A20063B0B1 /* SharkORM */ = {
			isa = PBXNativeTarget;
			buildConfigurationList = 3A2175FA20E230A20063B0B1 /* Build configuration list for PBXNativeTarget "SharkORM" */;
			buildPhases = (
				3A2175F020E230A20063B0B1 /* Sources */,
				3A2175F120E230A20063B0B1 /* Frameworks */,
				3A2175F220E230A20063B0B1 /* Headers */,
				3A2175F320E230A20063B0B1 /* Resources */,
			);
			buildRules = (
			);
			dependencies = (
			);
			name = SharkORM;
			productName = SharkORMFMK;
			productReference = 3A2175F520E230A20063B0B1 /* SharkORM.framework */;
			productType = "com.apple.product-type.framework";
		};
		3A21769320E3DE8C0063B0B1 /* SharkORMTests */ = {
			isa = PBXNativeTarget;
			buildConfigurationList = 3A21769C20E3DE8C0063B0B1 /* Build configuration list for PBXNativeTarget "SharkORMTests" */;
			buildPhases = (
				3A21769020E3DE8C0063B0B1 /* Sources */,
				3A21769120E3DE8C0063B0B1 /* Frameworks */,
				3A21769220E3DE8C0063B0B1 /* Resources */,
			);
			buildRules = (
			);
			dependencies = (
				3A2714ED20E8632D008DE398 /* PBXTargetDependency */,
			);
			name = SharkORMTests;
			productName = SharkORMTests;
			productReference = 3A21769420E3DE8C0063B0B1 /* SharkORMTests.xctest */;
			productType = "com.apple.product-type.bundle.unit-test";
		};
/* End PBXNativeTarget section */

/* Begin PBXProject section */
		3A71E4F820DCF65800554A4F /* Project object */ = {
			isa = PBXProject;
			attributes = {
				LastSwiftUpdateCheck = 0940;
				LastUpgradeCheck = 0940;
				ORGANIZATIONNAME = SharkSync;
				TargetAttributes = {
					3A2175F420E230A20063B0B1 = {
						CreatedOnToolsVersion = 9.4.1;
					};
					3A21769320E3DE8C0063B0B1 = {
						CreatedOnToolsVersion = 9.4.1;
					};
				};
			};
			buildConfigurationList = 3A71E4FB20DCF65800554A4F /* Build configuration list for PBXProject "SharkORM" */;
			compatibilityVersion = "Xcode 9.3";
			developmentRegion = en;
			hasScannedForEncodings = 0;
			knownRegions = (
				en,
			);
			mainGroup = 3A71E4F720DCF65800554A4F;
			productRefGroup = 3A71E50120DCF65800554A4F /* Products */;
			projectDirPath = "";
			projectRoot = "";
			targets = (
				3A2175F420E230A20063B0B1 /* SharkORM */,
				3A21769320E3DE8C0063B0B1 /* SharkORMTests */,
			);
		};
/* End PBXProject section */

/* Begin PBXResourcesBuildPhase section */
		3A2175F320E230A20063B0B1 /* Resources */ = {
			isa = PBXResourcesBuildPhase;
			buildActionMask = 2147483647;
			files = (
				3AB9380D20F29DE100048FCD /* LICENSE in Resources */,
				3AB9380A20F29DE100048FCD /* README.md in Resources */,
				3AB9380C20F29DE100048FCD /* SharkORM.podspec in Resources */,
				3AB9380520F29DCA00048FCD /* Info.plist in Resources */,
				3AB937E220F29DCA00048FCD /* sqlite mods.txt in Resources */,
				3AB9380B20F29DE100048FCD /* CHANGELOG.md in Resources */,
			);
			runOnlyForDeploymentPostprocessing = 0;
		};
		3A21769220E3DE8C0063B0B1 /* Resources */ = {
			isa = PBXResourcesBuildPhase;
			buildActionMask = 2147483647;
			files = (
			);
			runOnlyForDeploymentPostprocessing = 0;
		};
/* End PBXResourcesBuildPhase section */

/* Begin PBXSourcesBuildPhase section */
		3A2175F020E230A20063B0B1 /* Sources */ = {
			isa = PBXSourcesBuildPhase;
			buildActionMask = 2147483647;
			files = (
				3AB937D320F29DCA00048FCD /* SRKRegistryEntry.m in Sources */,
				3AB937AD20F29DCA00048FCD /* SharkORM.m in Sources */,
				3AF67EF120FB99710013FA97 /* SyncRequest.m in Sources */,
				3AB9381120F4A65B00048FCD /* SharkSchemaManager.m in Sources */,
				3AB937B220F29DCA00048FCD /* SRKJoinObject.m in Sources */,
				3AB937CF20F29DCA00048FCD /* SRKObject.m in Sources */,
				3AB937C520F29DCA00048FCD /* SRKRawResults.m in Sources */,
				3AB937CD20F29DCA00048FCD /* SRKUnsupportedObject.m in Sources */,
				3AB937D620F29DCA00048FCD /* SRKCompoundIndex.m in Sources */,
				3AB937B120F29DCA00048FCD /* SRKRelationship.m in Sources */,
				3AB937C720F29DCA00048FCD /* SRKResultSet.m in Sources */,
				3AB937BC20F29DCA00048FCD /* SRKContext.m in Sources */,
				3AB937C320F29DCA00048FCD /* SRKEncryptedObject.m in Sources */,
				3AB937C420F29DCA00048FCD /* SRKEntityChain.m in Sources */,
				3AF67EF520FCDE9B0013FA97 /* SyncService.m in Sources */,
				3AF67EE520FB5EB10013FA97 /* SharkSyncChange.m in Sources */,
				3AB937F620F29DCA00048FCD /* SRKSyncOptions.m in Sources */,
				3AB937B520F29DCA00048FCD /* SRKQueryAsyncHandler.m in Sources */,
				3AB937E020F29DCA00048FCD /* SRKSQLiteHandle.m in Sources */,
				3AB937B020F29DCA00048FCD /* SRKUtilities.m in Sources */,
				3AB937B920F29DCA00048FCD /* SRKGlobals.m in Sources */,
				3AB937D920F29DCA00048FCD /* SRKEventHandler.m in Sources */,
				3AB937BF20F29DCA00048FCD /* SRKTransaction.m in Sources */,
				3AB937CA20F29DCA00048FCD /* SRKAES256Extension.m in Sources */,
				3AB937F220F29DCA00048FCD /* SRKSyncObject.m in Sources */,
				3AB937E120F29DCA00048FCD /* sqlite3.c in Sources */,
				3AB937F820F29DCA00048FCD /* SRKSyncNodesList.m in Sources */,
				3AB937B620F29DCA00048FCD /* SRKQuery.m in Sources */,
				3AB937FD20F29DCA00048FCD /* SRKSyncRegisteredClass.m in Sources */,
				3AB937D820F29DCA00048FCD /* SRKIndexDefinition.m in Sources */,
				3AB937C820F29DCA00048FCD /* SRKStringObject.m in Sources */,
				3AB937FE20F29DCA00048FCD /* SharkSync.m in Sources */,
				3AB937DA20F29DCA00048FCD /* SRKEventRegistryObject.m in Sources */,
				3AF67EED20FB61D60013FA97 /* SyncComms.m in Sources */,
				3AB937C620F29DCA00048FCD /* SRKCommitOptions.m in Sources */,
				3AB937BA20F29DCA00048FCD /* SRKError.m in Sources */,
				3AB937F420F29DCA00048FCD /* SRKDeferredChange.m in Sources */,
				3AB937CE20F29DCA00048FCD /* SRKEntity.m in Sources */,
				3AB937BB20F29DCA00048FCD /* SRKSettings.m in Sources */,
				3AB937D420F29DCA00048FCD /* SRKRegistry.m in Sources */,
				3AB937DD20F29DCA00048FCD /* SRKEvent.m in Sources */,
				3AB937AE20F29DCA00048FCD /* SRKLazyLoader.m in Sources */,
				3AB937B320F29DCA00048FCD /* SRKQueryProfile.m in Sources */,
				3AB9380220F29DCA00048FCD /* SRKDefunctObject.m in Sources */,
				3AB937D720F29DCA00048FCD /* SRKIndexProperty.m in Sources */,
				3AB937BD20F29DCA00048FCD /* SRKTransactionInfo.m in Sources */,
				3AF67EE920FB5FBC0013FA97 /* SharkSyncGroup.m in Sources */,
				3AB937DE20F29DCA00048FCD /* SRKEventBlockHolder.m in Sources */,
				3AF67EFA20FCDF880013FA97 /* SyncNetwork.m in Sources */,
			);
			runOnlyForDeploymentPostprocessing = 0;
		};
		3A21769020E3DE8C0063B0B1 /* Sources */ = {
			isa = PBXSourcesBuildPhase;
			buildActionMask = 2147483647;
			files = (
			);
			runOnlyForDeploymentPostprocessing = 0;
		};
/* End PBXSourcesBuildPhase section */

/* Begin PBXTargetDependency section */
		3A2714ED20E8632D008DE398 /* PBXTargetDependency */ = {
			isa = PBXTargetDependency;
			target = 3A2175F420E230A20063B0B1 /* SharkORM */;
			targetProxy = 3A2714EC20E8632D008DE398 /* PBXContainerItemProxy */;
		};
/* End PBXTargetDependency section */

/* Begin XCBuildConfiguration section */
		3A2175FB20E230A20063B0B1 /* Debug */ = {
			isa = XCBuildConfiguration;
			buildSettings = {
				CODE_SIGN_IDENTITY = "";
				CODE_SIGN_STYLE = Automatic;
				CURRENT_PROJECT_VERSION = 1;
				DEFINES_MODULE = YES;
				DEVELOPMENT_TEAM = 3D9YGMP46N;
				DYLIB_COMPATIBILITY_VERSION = 1;
				DYLIB_CURRENT_VERSION = 1;
				DYLIB_INSTALL_NAME_BASE = "@rpath";
				INFOPLIST_FILE = SharkORM/Info.plist;
				INSTALL_PATH = "$(LOCAL_LIBRARY_DIR)/Frameworks";
				IPHONEOS_DEPLOYMENT_TARGET = 8.0;
				LD_RUNPATH_SEARCH_PATHS = (
					"$(inherited)",
					"@executable_path/Frameworks",
					"@loader_path/Frameworks",
				);
				MACH_O_TYPE = staticlib;
				MODULEMAP_FILE = SharkORM/SharkORM.modulemap;
				MODULE_NAME = SharkORM;
				ONLY_ACTIVE_ARCH = NO;
				PRODUCT_BUNDLE_IDENTIFIER = io.sharksync.SharkORM;
				PRODUCT_NAME = "$(TARGET_NAME:c99extidentifier)";
				SKIP_INSTALL = YES;
				TARGETED_DEVICE_FAMILY = "1,2";
				VALID_ARCHS = "arm64 armv7 armv7s x86_64 i386";
				VERSIONING_SYSTEM = "apple-generic";
				VERSION_INFO_PREFIX = "";
			};
			name = Debug;
		};
		3A2175FC20E230A20063B0B1 /* Release */ = {
			isa = XCBuildConfiguration;
			buildSettings = {
				CODE_SIGN_IDENTITY = "";
				CODE_SIGN_STYLE = Automatic;
				CURRENT_PROJECT_VERSION = 1;
				DEFINES_MODULE = YES;
				DEVELOPMENT_TEAM = 3D9YGMP46N;
				DYLIB_COMPATIBILITY_VERSION = 1;
				DYLIB_CURRENT_VERSION = 1;
				DYLIB_INSTALL_NAME_BASE = "@rpath";
				INFOPLIST_FILE = SharkORM/Info.plist;
				INSTALL_PATH = "$(LOCAL_LIBRARY_DIR)/Frameworks";
				IPHONEOS_DEPLOYMENT_TARGET = 8.0;
				LD_RUNPATH_SEARCH_PATHS = (
					"$(inherited)",
					"@executable_path/Frameworks",
					"@loader_path/Frameworks",
				);
				MACH_O_TYPE = staticlib;
				MODULEMAP_FILE = SharkORM/SharkORM.modulemap;
				MODULE_NAME = SharkORM;
				ONLY_ACTIVE_ARCH = NO;
				PRODUCT_BUNDLE_IDENTIFIER = io.sharksync.SharkORM;
				PRODUCT_NAME = "$(TARGET_NAME:c99extidentifier)";
				SKIP_INSTALL = YES;
				TARGETED_DEVICE_FAMILY = "1,2";
				VALID_ARCHS = "arm64 armv7 armv7s x86_64 i386";
				VERSIONING_SYSTEM = "apple-generic";
				VERSION_INFO_PREFIX = "";
			};
			name = Release;
		};
		3A21769D20E3DE8C0063B0B1 /* Debug */ = {
			isa = XCBuildConfiguration;
			buildSettings = {
				CLANG_WARN_DOCUMENTATION_COMMENTS = YES;
				CODE_SIGN_STYLE = Automatic;
				DEVELOPMENT_TEAM = 3D9YGMP46N;
				INFOPLIST_FILE = SharkORMTests/Info.plist;
				IPHONEOS_DEPLOYMENT_TARGET = 11.4;
				LD_RUNPATH_SEARCH_PATHS = (
					"$(inherited)",
					"@executable_path/Frameworks",
					"@loader_path/Frameworks",
				);
				PRODUCT_BUNDLE_IDENTIFIER = io.sharksync.SharkORMTests;
				PRODUCT_NAME = "$(TARGET_NAME)";
				SWIFT_ACTIVE_COMPILATION_CONDITIONS = DEBUG;
				SWIFT_OPTIMIZATION_LEVEL = "-Onone";
				SWIFT_VERSION = 4.0;
				TARGETED_DEVICE_FAMILY = "1,2";
			};
			name = Debug;
		};
		3A21769E20E3DE8C0063B0B1 /* Release */ = {
			isa = XCBuildConfiguration;
			buildSettings = {
				CLANG_WARN_DOCUMENTATION_COMMENTS = YES;
				CODE_SIGN_STYLE = Automatic;
				DEVELOPMENT_TEAM = 3D9YGMP46N;
				INFOPLIST_FILE = SharkORMTests/Info.plist;
				IPHONEOS_DEPLOYMENT_TARGET = 11.4;
				LD_RUNPATH_SEARCH_PATHS = (
					"$(inherited)",
					"@executable_path/Frameworks",
					"@loader_path/Frameworks",
				);
				PRODUCT_BUNDLE_IDENTIFIER = io.sharksync.SharkORMTests;
				PRODUCT_NAME = "$(TARGET_NAME)";
				SWIFT_COMPILATION_MODE = wholemodule;
				SWIFT_OPTIMIZATION_LEVEL = "-O";
				SWIFT_VERSION = 4.0;
				TARGETED_DEVICE_FAMILY = "1,2";
			};
			name = Release;
		};
		3A71E50720DCF65800554A4F /* Debug */ = {
			isa = XCBuildConfiguration;
			buildSettings = {
				ALWAYS_EMBED_SWIFT_STANDARD_LIBRARIES = YES;
				ALWAYS_SEARCH_USER_PATHS = NO;
				CLANG_ANALYZER_NONNULL = YES;
				CLANG_ANALYZER_NUMBER_OBJECT_CONVERSION = YES_AGGRESSIVE;
				CLANG_CXX_LANGUAGE_STANDARD = "gnu++14";
				CLANG_CXX_LIBRARY = "libc++";
				CLANG_ENABLE_MODULES = YES;
				CLANG_ENABLE_OBJC_ARC = YES;
				CLANG_ENABLE_OBJC_WEAK = YES;
				CLANG_WARN_BLOCK_CAPTURE_AUTORELEASING = YES;
				CLANG_WARN_BOOL_CONVERSION = YES;
				CLANG_WARN_COMMA = YES;
				CLANG_WARN_CONSTANT_CONVERSION = YES;
				CLANG_WARN_DEPRECATED_OBJC_IMPLEMENTATIONS = YES;
				CLANG_WARN_DIRECT_OBJC_ISA_USAGE = YES_ERROR;
				CLANG_WARN_DOCUMENTATION_COMMENTS = NO;
				CLANG_WARN_EMPTY_BODY = YES;
				CLANG_WARN_ENUM_CONVERSION = YES;
				CLANG_WARN_INFINITE_RECURSION = YES;
				CLANG_WARN_INT_CONVERSION = YES;
				CLANG_WARN_NON_LITERAL_NULL_CONVERSION = YES;
				CLANG_WARN_OBJC_IMPLICIT_RETAIN_SELF = YES;
				CLANG_WARN_OBJC_LITERAL_CONVERSION = YES;
				CLANG_WARN_OBJC_ROOT_CLASS = YES_ERROR;
				CLANG_WARN_RANGE_LOOP_ANALYSIS = YES;
				CLANG_WARN_STRICT_PROTOTYPES = YES;
				CLANG_WARN_SUSPICIOUS_MOVE = YES;
				CLANG_WARN_UNGUARDED_AVAILABILITY = YES_AGGRESSIVE;
				CLANG_WARN_UNREACHABLE_CODE = YES;
				CLANG_WARN__DUPLICATE_METHOD_MATCH = YES;
				CODE_SIGN_IDENTITY = "iPhone Developer";
				COPY_PHASE_STRIP = NO;
				DEBUG_INFORMATION_FORMAT = dwarf;
				DEFINES_MODULE = YES;
				ENABLE_STRICT_OBJC_MSGSEND = YES;
				ENABLE_TESTABILITY = YES;
				GCC_C_LANGUAGE_STANDARD = gnu11;
				GCC_DYNAMIC_NO_PIC = NO;
				GCC_NO_COMMON_BLOCKS = YES;
				GCC_OPTIMIZATION_LEVEL = 0;
				GCC_PREPROCESSOR_DEFINITIONS = (
					"DEBUG=1",
					"$(inherited)",
				);
				GCC_WARN_64_TO_32_BIT_CONVERSION = YES;
				GCC_WARN_ABOUT_RETURN_TYPE = YES_ERROR;
				GCC_WARN_UNDECLARED_SELECTOR = YES;
				GCC_WARN_UNINITIALIZED_AUTOS = YES_AGGRESSIVE;
				GCC_WARN_UNUSED_FUNCTION = YES;
				GCC_WARN_UNUSED_VARIABLE = YES;
				IPHONEOS_DEPLOYMENT_TARGET = 9.0;
				MACOSX_DEPLOYMENT_TARGET = 10.10;
				MTL_ENABLE_DEBUG_INFO = YES;
				ONLY_ACTIVE_ARCH = YES;
				SDKROOT = iphoneos;
				STRIP_INSTALLED_PRODUCT = NO;
				STRIP_SWIFT_SYMBOLS = NO;
				SWIFT_OPTIMIZATION_LEVEL = "-Onone";
				SWIFT_VERSION = 3.3;
				TVOS_DEPLOYMENT_TARGET = 11.0;
				WATCHOS_DEPLOYMENT_TARGET = 3.0;
			};
			name = Debug;
		};
		3A71E50820DCF65800554A4F /* Release */ = {
			isa = XCBuildConfiguration;
			buildSettings = {
				ALWAYS_EMBED_SWIFT_STANDARD_LIBRARIES = YES;
				ALWAYS_SEARCH_USER_PATHS = NO;
				CLANG_ANALYZER_NONNULL = YES;
				CLANG_ANALYZER_NUMBER_OBJECT_CONVERSION = YES_AGGRESSIVE;
				CLANG_CXX_LANGUAGE_STANDARD = "gnu++14";
				CLANG_CXX_LIBRARY = "libc++";
				CLANG_ENABLE_MODULES = YES;
				CLANG_ENABLE_OBJC_ARC = YES;
				CLANG_ENABLE_OBJC_WEAK = YES;
				CLANG_WARN_BLOCK_CAPTURE_AUTORELEASING = YES;
				CLANG_WARN_BOOL_CONVERSION = YES;
				CLANG_WARN_COMMA = YES;
				CLANG_WARN_CONSTANT_CONVERSION = YES;
				CLANG_WARN_DEPRECATED_OBJC_IMPLEMENTATIONS = YES;
				CLANG_WARN_DIRECT_OBJC_ISA_USAGE = YES_ERROR;
				CLANG_WARN_DOCUMENTATION_COMMENTS = NO;
				CLANG_WARN_EMPTY_BODY = YES;
				CLANG_WARN_ENUM_CONVERSION = YES;
				CLANG_WARN_INFINITE_RECURSION = YES;
				CLANG_WARN_INT_CONVERSION = YES;
				CLANG_WARN_NON_LITERAL_NULL_CONVERSION = YES;
				CLANG_WARN_OBJC_IMPLICIT_RETAIN_SELF = YES;
				CLANG_WARN_OBJC_LITERAL_CONVERSION = YES;
				CLANG_WARN_OBJC_ROOT_CLASS = YES_ERROR;
				CLANG_WARN_RANGE_LOOP_ANALYSIS = YES;
				CLANG_WARN_STRICT_PROTOTYPES = YES;
				CLANG_WARN_SUSPICIOUS_MOVE = YES;
				CLANG_WARN_UNGUARDED_AVAILABILITY = YES_AGGRESSIVE;
				CLANG_WARN_UNREACHABLE_CODE = YES;
				CLANG_WARN__DUPLICATE_METHOD_MATCH = YES;
				CODE_SIGN_IDENTITY = "iPhone Developer";
				COPY_PHASE_STRIP = NO;
				DEBUG_INFORMATION_FORMAT = "dwarf-with-dsym";
				DEFINES_MODULE = YES;
				ENABLE_NS_ASSERTIONS = NO;
				ENABLE_STRICT_OBJC_MSGSEND = YES;
				GCC_C_LANGUAGE_STANDARD = gnu11;
				GCC_NO_COMMON_BLOCKS = YES;
				GCC_WARN_64_TO_32_BIT_CONVERSION = YES;
				GCC_WARN_ABOUT_RETURN_TYPE = YES_ERROR;
				GCC_WARN_UNDECLARED_SELECTOR = YES;
				GCC_WARN_UNINITIALIZED_AUTOS = YES_AGGRESSIVE;
				GCC_WARN_UNUSED_FUNCTION = YES;
				GCC_WARN_UNUSED_VARIABLE = YES;
				IPHONEOS_DEPLOYMENT_TARGET = 9.0;
				MACOSX_DEPLOYMENT_TARGET = 10.10;
				MTL_ENABLE_DEBUG_INFO = NO;
				SDKROOT = iphoneos;
				STRIP_INSTALLED_PRODUCT = NO;
				STRIP_SWIFT_SYMBOLS = NO;
				SWIFT_VERSION = 3.3;
				TVOS_DEPLOYMENT_TARGET = 11.0;
				VALIDATE_PRODUCT = YES;
				WATCHOS_DEPLOYMENT_TARGET = 3.0;
			};
			name = Release;
		};
/* End XCBuildConfiguration section */

/* Begin XCConfigurationList section */
		3A2175FA20E230A20063B0B1 /* Build configuration list for PBXNativeTarget "SharkORM" */ = {
			isa = XCConfigurationList;
			buildConfigurations = (
				3A2175FB20E230A20063B0B1 /* Debug */,
				3A2175FC20E230A20063B0B1 /* Release */,
			);
			defaultConfigurationIsVisible = 0;
			defaultConfigurationName = Release;
		};
		3A21769C20E3DE8C0063B0B1 /* Build configuration list for PBXNativeTarget "SharkORMTests" */ = {
			isa = XCConfigurationList;
			buildConfigurations = (
				3A21769D20E3DE8C0063B0B1 /* Debug */,
				3A21769E20E3DE8C0063B0B1 /* Release */,
			);
			defaultConfigurationIsVisible = 0;
			defaultConfigurationName = Release;
		};
		3A71E4FB20DCF65800554A4F /* Build configuration list for PBXProject "SharkORM" */ = {
			isa = XCConfigurationList;
			buildConfigurations = (
				3A71E50720DCF65800554A4F /* Debug */,
				3A71E50820DCF65800554A4F /* Release */,
			);
			defaultConfigurationIsVisible = 0;
			defaultConfigurationName = Release;
		};
/* End XCConfigurationList section */
	};
	rootObject = 3A71E4F820DCF65800554A4F /* Project object */;
}
